
Microsoft Visual Studio Solution File, Format Version 12.00
# Visual Studio 15
VisualStudioVersion = 15.0.26124.0
MinimumVisualStudioVersion = 15.0.26124.0
Project("{9A19103F-16F7-4668-BE54-9A1E7A4F7556}") = "Libplanet.Stun", "Libplanet.Stun\Libplanet.Stun.csproj", "{4F5DB8F5-D0F4-454C-95A7-87F53E5D5E36}"
EndProject
Project("{9A19103F-16F7-4668-BE54-9A1E7A4F7556}") = "Libplanet.Stun.Tests", "Libplanet.Stun.Tests\Libplanet.Stun.Tests.csproj", "{5C2B23E2-C286-412D-ADE1-F6796B7083DE}"
EndProject
Project("{9A19103F-16F7-4668-BE54-9A1E7A4F7556}") = "Libplanet", "Libplanet\Libplanet.csproj", "{50E14C9A-3C2F-4A51-971F-6143952D0F1C}"
EndProject
Project("{9A19103F-16F7-4668-BE54-9A1E7A4F7556}") = "Libplanet.Tests", "Libplanet.Tests\Libplanet.Tests.csproj", "{3BA7D9BE-EBBF-432E-9880-0E2D2C17FCF8}"
EndProject
Project("{9A19103F-16F7-4668-BE54-9A1E7A4F7556}") = "Libplanet.Benchmarks", "Libplanet.Benchmarks\Libplanet.Benchmarks.csproj", "{E010FB5E-0D68-4AF7-B632-5DB6B902F158}"
EndProject
Project("{9A19103F-16F7-4668-BE54-9A1E7A4F7556}") = "Libplanet.RocksDBStore", "Libplanet.RocksDBStore\Libplanet.RocksDBStore.csproj", "{A5DE942D-912D-4012-8493-1E958E5445F4}"
EndProject
Project("{9A19103F-16F7-4668-BE54-9A1E7A4F7556}") = "Libplanet.RocksDBStore.Tests", "Libplanet.RocksDBStore.Tests\Libplanet.RocksDBStore.Tests.csproj", "{ADCBBAC0-0A87-45B7-BD31-314F136F74D4}"
EndProject
Project("{9A19103F-16F7-4668-BE54-9A1E7A4F7556}") = "Libplanet.Tools", "Libplanet.Tools\Libplanet.Tools.csproj", "{A216C2F0-A9A6-4D7F-BF65-127EB80EA6A7}"
EndProject
Project("{9A19103F-16F7-4668-BE54-9A1E7A4F7556}") = "Libplanet.Analyzers", "Libplanet.Analyzers\Libplanet.Analyzers.csproj", "{5CEE1B93-3936-4E32-A414-522DCDCA26BB}"
EndProject
Project("{9A19103F-16F7-4668-BE54-9A1E7A4F7556}") = "Libplanet.Analyzers.Tests", "Libplanet.Analyzers.Tests\Libplanet.Analyzers.Tests.csproj", "{B48782B9-6FA9-4D18-8564-1849FF4CF40E}"
EndProject
Project("{FAE04EC0-301F-11D3-BF4B-00C04F79EFBC}") = "Libplanet.Explorer", "Libplanet.Explorer\Libplanet.Explorer.csproj", "{B41C8F1C-5BD2-43B9-A3CC-FC03DFE04E23}"
EndProject
Project("{FAE04EC0-301F-11D3-BF4B-00C04F79EFBC}") = "Libplanet.Explorer.Executable", "Libplanet.Explorer.Executable\Libplanet.Explorer.Executable.csproj", "{BEDBC0F8-AD0A-44C3-9A53-C8EC4E631AF4}"
EndProject
Project("{FAE04EC0-301F-11D3-BF4B-00C04F79EFBC}") = "Libplanet.Explorer.Tests", "Libplanet.Explorer.Tests\Libplanet.Explorer.Tests.csproj", "{48A7AC8E-2CB5-403B-8A18-11F493079619}"
EndProject
Project("{FAE04EC0-301F-11D3-BF4B-00C04F79EFBC}") = "Libplanet.Extensions.Cocona", "Libplanet.Extensions.Cocona\Libplanet.Extensions.Cocona.csproj", "{B3170309-55AB-462C-9100-D77107799E82}"
EndProject
Project("{FAE04EC0-301F-11D3-BF4B-00C04F79EFBC}") = "Libplanet.Extensions.Cocona.Tests", "Libplanet.Extensions.Cocona.Tests\Libplanet.Extensions.Cocona.Tests.csproj", "{A43E44E5-F9C1-44BD-A593-419EC113117B}"
EndProject
Project("{FAE04EC0-301F-11D3-BF4B-00C04F79EFBC}") = "Libplanet.Net", "Libplanet.Net\Libplanet.Net.csproj", "{2E17A091-DC29-41FB-ABC8-767BD75FFB07}"
EndProject
Project("{FAE04EC0-301F-11D3-BF4B-00C04F79EFBC}") = "Libplanet.Net.Tests", "Libplanet.Net.Tests\Libplanet.Net.Tests.csproj", "{6D7A63C9-16AB-4B7E-B9C0-0956E1E02610}"
EndProject
Project("{FAE04EC0-301F-11D3-BF4B-00C04F79EFBC}") = "Libplanet.Crypto.Secp256k1", "Libplanet.Crypto.Secp256k1\Libplanet.Crypto.Secp256k1.csproj", "{9F88C871-CB37-4A88-BACF-540AC253C202}"
EndProject
Project("{FAE04EC0-301F-11D3-BF4B-00C04F79EFBC}") = "Libplanet.Crypto.Secp256k1.Tests", "Libplanet.Crypto.Secp256k1.Tests\Libplanet.Crypto.Secp256k1.Tests.csproj", "{B1A38DDE-5534-4625-A3F2-A585BA7A1198}"
EndProject
Project("{FAE04EC0-301F-11D3-BF4B-00C04F79EFBC}") = "Libplanet.Explorer.Cocona", "Libplanet.Explorer.Cocona\Libplanet.Explorer.Cocona.csproj", "{8698E0C2-1A82-43E6-8A26-3D9A825CF574}"
EndProject
Project("{FAE04EC0-301F-11D3-BF4B-00C04F79EFBC}") = "Libplanet.Explorer.Cocona.Tests", "Libplanet.Explorer.Cocona.Tests\Libplanet.Explorer.Cocona.Tests.csproj", "{F782BC86-9CE6-4F69-8F77-710A399CB54F}"
EndProject
Project("{FAE04EC0-301F-11D3-BF4B-00C04F79EFBC}") = "Libplanet.Common", "Libplanet.Common\Libplanet.Common.csproj", "{763BAD3E-3244-4E8F-8182-2BF35774262A}"
EndProject
Global
	GlobalSection(SolutionConfigurationPlatforms) = preSolution
		Debug|Any CPU = Debug|Any CPU
		Debug|x64 = Debug|x64
		Debug|x86 = Debug|x86
		Release|Any CPU = Release|Any CPU
		Release|x64 = Release|x64
		Release|x86 = Release|x86
		ReleaseMono|Any CPU = ReleaseMono|Any CPU
		ReleaseMono|x64 = ReleaseMono|x64
		ReleaseMono|x86 = ReleaseMono|x86
	EndGlobalSection
	GlobalSection(ProjectConfigurationPlatforms) = postSolution
		{4F5DB8F5-D0F4-454C-95A7-87F53E5D5E36}.Debug|Any CPU.ActiveCfg = Debug|Any CPU
		{4F5DB8F5-D0F4-454C-95A7-87F53E5D5E36}.Debug|Any CPU.Build.0 = Debug|Any CPU
		{4F5DB8F5-D0F4-454C-95A7-87F53E5D5E36}.Debug|x64.ActiveCfg = Debug|Any CPU
		{4F5DB8F5-D0F4-454C-95A7-87F53E5D5E36}.Debug|x64.Build.0 = Debug|Any CPU
		{4F5DB8F5-D0F4-454C-95A7-87F53E5D5E36}.Debug|x86.ActiveCfg = Debug|Any CPU
		{4F5DB8F5-D0F4-454C-95A7-87F53E5D5E36}.Debug|x86.Build.0 = Debug|Any CPU
		{4F5DB8F5-D0F4-454C-95A7-87F53E5D5E36}.Release|Any CPU.ActiveCfg = Release|Any CPU
		{4F5DB8F5-D0F4-454C-95A7-87F53E5D5E36}.Release|Any CPU.Build.0 = Release|Any CPU
		{4F5DB8F5-D0F4-454C-95A7-87F53E5D5E36}.Release|x64.ActiveCfg = Release|Any CPU
		{4F5DB8F5-D0F4-454C-95A7-87F53E5D5E36}.Release|x64.Build.0 = Release|Any CPU
		{4F5DB8F5-D0F4-454C-95A7-87F53E5D5E36}.Release|x86.ActiveCfg = Release|Any CPU
		{4F5DB8F5-D0F4-454C-95A7-87F53E5D5E36}.Release|x86.Build.0 = Release|Any CPU
		{4F5DB8F5-D0F4-454C-95A7-87F53E5D5E36}.ReleaseMono|Any CPU.ActiveCfg = Release|Any CPU
		{4F5DB8F5-D0F4-454C-95A7-87F53E5D5E36}.ReleaseMono|Any CPU.Build.0 = Release|Any CPU
		{4F5DB8F5-D0F4-454C-95A7-87F53E5D5E36}.ReleaseMono|x64.ActiveCfg = Release|Any CPU
		{4F5DB8F5-D0F4-454C-95A7-87F53E5D5E36}.ReleaseMono|x64.Build.0 = Release|Any CPU
		{4F5DB8F5-D0F4-454C-95A7-87F53E5D5E36}.ReleaseMono|x86.ActiveCfg = Release|Any CPU
		{4F5DB8F5-D0F4-454C-95A7-87F53E5D5E36}.ReleaseMono|x86.Build.0 = Release|Any CPU
		{5C2B23E2-C286-412D-ADE1-F6796B7083DE}.Debug|Any CPU.ActiveCfg = Debug|Any CPU
		{5C2B23E2-C286-412D-ADE1-F6796B7083DE}.Debug|Any CPU.Build.0 = Debug|Any CPU
		{5C2B23E2-C286-412D-ADE1-F6796B7083DE}.Debug|x64.ActiveCfg = Debug|Any CPU
		{5C2B23E2-C286-412D-ADE1-F6796B7083DE}.Debug|x64.Build.0 = Debug|Any CPU
		{5C2B23E2-C286-412D-ADE1-F6796B7083DE}.Debug|x86.ActiveCfg = Debug|Any CPU
		{5C2B23E2-C286-412D-ADE1-F6796B7083DE}.Debug|x86.Build.0 = Debug|Any CPU
		{5C2B23E2-C286-412D-ADE1-F6796B7083DE}.Release|Any CPU.ActiveCfg = Release|Any CPU
		{5C2B23E2-C286-412D-ADE1-F6796B7083DE}.Release|Any CPU.Build.0 = Release|Any CPU
		{5C2B23E2-C286-412D-ADE1-F6796B7083DE}.Release|x64.ActiveCfg = Release|Any CPU
		{5C2B23E2-C286-412D-ADE1-F6796B7083DE}.Release|x64.Build.0 = Release|Any CPU
		{5C2B23E2-C286-412D-ADE1-F6796B7083DE}.Release|x86.ActiveCfg = Release|Any CPU
		{5C2B23E2-C286-412D-ADE1-F6796B7083DE}.Release|x86.Build.0 = Release|Any CPU
		{5C2B23E2-C286-412D-ADE1-F6796B7083DE}.ReleaseMono|Any CPU.ActiveCfg = Release|Any CPU
		{5C2B23E2-C286-412D-ADE1-F6796B7083DE}.ReleaseMono|Any CPU.Build.0 = Release|Any CPU
		{5C2B23E2-C286-412D-ADE1-F6796B7083DE}.ReleaseMono|x64.ActiveCfg = Release|Any CPU
		{5C2B23E2-C286-412D-ADE1-F6796B7083DE}.ReleaseMono|x64.Build.0 = Release|Any CPU
		{5C2B23E2-C286-412D-ADE1-F6796B7083DE}.ReleaseMono|x86.ActiveCfg = Release|Any CPU
		{5C2B23E2-C286-412D-ADE1-F6796B7083DE}.ReleaseMono|x86.Build.0 = Release|Any CPU
		{50E14C9A-3C2F-4A51-971F-6143952D0F1C}.Debug|Any CPU.ActiveCfg = Debug|Any CPU
		{50E14C9A-3C2F-4A51-971F-6143952D0F1C}.Debug|Any CPU.Build.0 = Debug|Any CPU
		{50E14C9A-3C2F-4A51-971F-6143952D0F1C}.Debug|x64.ActiveCfg = Debug|Any CPU
		{50E14C9A-3C2F-4A51-971F-6143952D0F1C}.Debug|x64.Build.0 = Debug|Any CPU
		{50E14C9A-3C2F-4A51-971F-6143952D0F1C}.Debug|x86.ActiveCfg = Debug|Any CPU
		{50E14C9A-3C2F-4A51-971F-6143952D0F1C}.Debug|x86.Build.0 = Debug|Any CPU
		{50E14C9A-3C2F-4A51-971F-6143952D0F1C}.Release|Any CPU.ActiveCfg = Release|Any CPU
		{50E14C9A-3C2F-4A51-971F-6143952D0F1C}.Release|Any CPU.Build.0 = Release|Any CPU
		{50E14C9A-3C2F-4A51-971F-6143952D0F1C}.Release|x64.ActiveCfg = Release|Any CPU
		{50E14C9A-3C2F-4A51-971F-6143952D0F1C}.Release|x64.Build.0 = Release|Any CPU
		{50E14C9A-3C2F-4A51-971F-6143952D0F1C}.Release|x86.ActiveCfg = Release|Any CPU
		{50E14C9A-3C2F-4A51-971F-6143952D0F1C}.Release|x86.Build.0 = Release|Any CPU
		{50E14C9A-3C2F-4A51-971F-6143952D0F1C}.ReleaseMono|Any CPU.ActiveCfg = Release|Any CPU
		{50E14C9A-3C2F-4A51-971F-6143952D0F1C}.ReleaseMono|Any CPU.Build.0 = Release|Any CPU
		{50E14C9A-3C2F-4A51-971F-6143952D0F1C}.ReleaseMono|x64.ActiveCfg = Release|Any CPU
		{50E14C9A-3C2F-4A51-971F-6143952D0F1C}.ReleaseMono|x64.Build.0 = Release|Any CPU
		{50E14C9A-3C2F-4A51-971F-6143952D0F1C}.ReleaseMono|x86.ActiveCfg = Release|Any CPU
		{50E14C9A-3C2F-4A51-971F-6143952D0F1C}.ReleaseMono|x86.Build.0 = Release|Any CPU
		{3BA7D9BE-EBBF-432E-9880-0E2D2C17FCF8}.Debug|Any CPU.ActiveCfg = Debug|Any CPU
		{3BA7D9BE-EBBF-432E-9880-0E2D2C17FCF8}.Debug|Any CPU.Build.0 = Debug|Any CPU
		{3BA7D9BE-EBBF-432E-9880-0E2D2C17FCF8}.Debug|x64.ActiveCfg = Debug|Any CPU
		{3BA7D9BE-EBBF-432E-9880-0E2D2C17FCF8}.Debug|x64.Build.0 = Debug|Any CPU
		{3BA7D9BE-EBBF-432E-9880-0E2D2C17FCF8}.Debug|x86.ActiveCfg = Debug|Any CPU
		{3BA7D9BE-EBBF-432E-9880-0E2D2C17FCF8}.Debug|x86.Build.0 = Debug|Any CPU
		{3BA7D9BE-EBBF-432E-9880-0E2D2C17FCF8}.Release|Any CPU.ActiveCfg = Release|Any CPU
		{3BA7D9BE-EBBF-432E-9880-0E2D2C17FCF8}.Release|Any CPU.Build.0 = Release|Any CPU
		{3BA7D9BE-EBBF-432E-9880-0E2D2C17FCF8}.Release|x64.ActiveCfg = Release|Any CPU
		{3BA7D9BE-EBBF-432E-9880-0E2D2C17FCF8}.Release|x64.Build.0 = Release|Any CPU
		{3BA7D9BE-EBBF-432E-9880-0E2D2C17FCF8}.Release|x86.ActiveCfg = Release|Any CPU
		{3BA7D9BE-EBBF-432E-9880-0E2D2C17FCF8}.Release|x86.Build.0 = Release|Any CPU
		{3BA7D9BE-EBBF-432E-9880-0E2D2C17FCF8}.ReleaseMono|Any CPU.ActiveCfg = Release|Any CPU
		{3BA7D9BE-EBBF-432E-9880-0E2D2C17FCF8}.ReleaseMono|Any CPU.Build.0 = Release|Any CPU
		{3BA7D9BE-EBBF-432E-9880-0E2D2C17FCF8}.ReleaseMono|x64.ActiveCfg = Release|Any CPU
		{3BA7D9BE-EBBF-432E-9880-0E2D2C17FCF8}.ReleaseMono|x64.Build.0 = Release|Any CPU
		{3BA7D9BE-EBBF-432E-9880-0E2D2C17FCF8}.ReleaseMono|x86.ActiveCfg = Release|Any CPU
		{3BA7D9BE-EBBF-432E-9880-0E2D2C17FCF8}.ReleaseMono|x86.Build.0 = Release|Any CPU
		{E010FB5E-0D68-4AF7-B632-5DB6B902F158}.Debug|Any CPU.ActiveCfg = Debug|Any CPU
		{E010FB5E-0D68-4AF7-B632-5DB6B902F158}.Debug|Any CPU.Build.0 = Debug|Any CPU
		{E010FB5E-0D68-4AF7-B632-5DB6B902F158}.Debug|x64.ActiveCfg = Debug|Any CPU
		{E010FB5E-0D68-4AF7-B632-5DB6B902F158}.Debug|x64.Build.0 = Debug|Any CPU
		{E010FB5E-0D68-4AF7-B632-5DB6B902F158}.Debug|x86.ActiveCfg = Debug|Any CPU
		{E010FB5E-0D68-4AF7-B632-5DB6B902F158}.Debug|x86.Build.0 = Debug|Any CPU
		{E010FB5E-0D68-4AF7-B632-5DB6B902F158}.Release|Any CPU.ActiveCfg = Release|Any CPU
		{E010FB5E-0D68-4AF7-B632-5DB6B902F158}.Release|Any CPU.Build.0 = Release|Any CPU
		{E010FB5E-0D68-4AF7-B632-5DB6B902F158}.Release|x64.ActiveCfg = Release|Any CPU
		{E010FB5E-0D68-4AF7-B632-5DB6B902F158}.Release|x64.Build.0 = Release|Any CPU
		{E010FB5E-0D68-4AF7-B632-5DB6B902F158}.Release|x86.ActiveCfg = Release|Any CPU
		{E010FB5E-0D68-4AF7-B632-5DB6B902F158}.Release|x86.Build.0 = Release|Any CPU
		{E010FB5E-0D68-4AF7-B632-5DB6B902F158}.ReleaseMono|Any CPU.ActiveCfg = Release|Any CPU
		{E010FB5E-0D68-4AF7-B632-5DB6B902F158}.ReleaseMono|Any CPU.Build.0 = Release|Any CPU
		{E010FB5E-0D68-4AF7-B632-5DB6B902F158}.ReleaseMono|x64.ActiveCfg = Release|Any CPU
		{E010FB5E-0D68-4AF7-B632-5DB6B902F158}.ReleaseMono|x64.Build.0 = Release|Any CPU
		{E010FB5E-0D68-4AF7-B632-5DB6B902F158}.ReleaseMono|x86.ActiveCfg = Release|Any CPU
		{E010FB5E-0D68-4AF7-B632-5DB6B902F158}.ReleaseMono|x86.Build.0 = Release|Any CPU
		{A5DE942D-912D-4012-8493-1E958E5445F4}.Debug|Any CPU.ActiveCfg = Debug|Any CPU
		{A5DE942D-912D-4012-8493-1E958E5445F4}.Debug|Any CPU.Build.0 = Debug|Any CPU
		{A5DE942D-912D-4012-8493-1E958E5445F4}.Debug|x64.ActiveCfg = Debug|Any CPU
		{A5DE942D-912D-4012-8493-1E958E5445F4}.Debug|x64.Build.0 = Debug|Any CPU
		{A5DE942D-912D-4012-8493-1E958E5445F4}.Debug|x86.ActiveCfg = Debug|Any CPU
		{A5DE942D-912D-4012-8493-1E958E5445F4}.Debug|x86.Build.0 = Debug|Any CPU
		{A5DE942D-912D-4012-8493-1E958E5445F4}.Release|Any CPU.ActiveCfg = Release|Any CPU
		{A5DE942D-912D-4012-8493-1E958E5445F4}.Release|Any CPU.Build.0 = Release|Any CPU
		{A5DE942D-912D-4012-8493-1E958E5445F4}.Release|x64.ActiveCfg = Release|Any CPU
		{A5DE942D-912D-4012-8493-1E958E5445F4}.Release|x64.Build.0 = Release|Any CPU
		{A5DE942D-912D-4012-8493-1E958E5445F4}.Release|x86.ActiveCfg = Release|Any CPU
		{A5DE942D-912D-4012-8493-1E958E5445F4}.Release|x86.Build.0 = Release|Any CPU
		{A5DE942D-912D-4012-8493-1E958E5445F4}.ReleaseMono|Any CPU.ActiveCfg = Release|Any CPU
		{A5DE942D-912D-4012-8493-1E958E5445F4}.ReleaseMono|Any CPU.Build.0 = Release|Any CPU
		{A5DE942D-912D-4012-8493-1E958E5445F4}.ReleaseMono|x64.ActiveCfg = Release|Any CPU
		{A5DE942D-912D-4012-8493-1E958E5445F4}.ReleaseMono|x64.Build.0 = Release|Any CPU
		{A5DE942D-912D-4012-8493-1E958E5445F4}.ReleaseMono|x86.ActiveCfg = Release|Any CPU
		{A5DE942D-912D-4012-8493-1E958E5445F4}.ReleaseMono|x86.Build.0 = Release|Any CPU
		{ADCBBAC0-0A87-45B7-BD31-314F136F74D4}.Debug|Any CPU.ActiveCfg = Debug|Any CPU
		{ADCBBAC0-0A87-45B7-BD31-314F136F74D4}.Debug|Any CPU.Build.0 = Debug|Any CPU
		{ADCBBAC0-0A87-45B7-BD31-314F136F74D4}.Debug|x64.ActiveCfg = Debug|Any CPU
		{ADCBBAC0-0A87-45B7-BD31-314F136F74D4}.Debug|x64.Build.0 = Debug|Any CPU
		{ADCBBAC0-0A87-45B7-BD31-314F136F74D4}.Debug|x86.ActiveCfg = Debug|Any CPU
		{ADCBBAC0-0A87-45B7-BD31-314F136F74D4}.Debug|x86.Build.0 = Debug|Any CPU
		{ADCBBAC0-0A87-45B7-BD31-314F136F74D4}.Release|Any CPU.ActiveCfg = Release|Any CPU
		{ADCBBAC0-0A87-45B7-BD31-314F136F74D4}.Release|Any CPU.Build.0 = Release|Any CPU
		{ADCBBAC0-0A87-45B7-BD31-314F136F74D4}.Release|x64.ActiveCfg = Release|Any CPU
		{ADCBBAC0-0A87-45B7-BD31-314F136F74D4}.Release|x64.Build.0 = Release|Any CPU
		{ADCBBAC0-0A87-45B7-BD31-314F136F74D4}.Release|x86.ActiveCfg = Release|Any CPU
		{ADCBBAC0-0A87-45B7-BD31-314F136F74D4}.Release|x86.Build.0 = Release|Any CPU
		{ADCBBAC0-0A87-45B7-BD31-314F136F74D4}.ReleaseMono|Any CPU.ActiveCfg = Release|Any CPU
		{ADCBBAC0-0A87-45B7-BD31-314F136F74D4}.ReleaseMono|Any CPU.Build.0 = Release|Any CPU
		{ADCBBAC0-0A87-45B7-BD31-314F136F74D4}.ReleaseMono|x64.ActiveCfg = Release|Any CPU
		{ADCBBAC0-0A87-45B7-BD31-314F136F74D4}.ReleaseMono|x64.Build.0 = Release|Any CPU
		{ADCBBAC0-0A87-45B7-BD31-314F136F74D4}.ReleaseMono|x86.ActiveCfg = Release|Any CPU
		{ADCBBAC0-0A87-45B7-BD31-314F136F74D4}.ReleaseMono|x86.Build.0 = Release|Any CPU
		{A216C2F0-A9A6-4D7F-BF65-127EB80EA6A7}.Debug|Any CPU.ActiveCfg = Debug|Any CPU
		{A216C2F0-A9A6-4D7F-BF65-127EB80EA6A7}.Debug|Any CPU.Build.0 = Debug|Any CPU
		{A216C2F0-A9A6-4D7F-BF65-127EB80EA6A7}.Debug|x64.ActiveCfg = Debug|Any CPU
		{A216C2F0-A9A6-4D7F-BF65-127EB80EA6A7}.Debug|x64.Build.0 = Debug|Any CPU
		{A216C2F0-A9A6-4D7F-BF65-127EB80EA6A7}.Debug|x86.ActiveCfg = Debug|Any CPU
		{A216C2F0-A9A6-4D7F-BF65-127EB80EA6A7}.Debug|x86.Build.0 = Debug|Any CPU
		{A216C2F0-A9A6-4D7F-BF65-127EB80EA6A7}.Release|Any CPU.ActiveCfg = Release|Any CPU
		{A216C2F0-A9A6-4D7F-BF65-127EB80EA6A7}.Release|Any CPU.Build.0 = Release|Any CPU
		{A216C2F0-A9A6-4D7F-BF65-127EB80EA6A7}.Release|x64.ActiveCfg = Release|Any CPU
		{A216C2F0-A9A6-4D7F-BF65-127EB80EA6A7}.Release|x64.Build.0 = Release|Any CPU
		{A216C2F0-A9A6-4D7F-BF65-127EB80EA6A7}.Release|x86.ActiveCfg = Release|Any CPU
		{A216C2F0-A9A6-4D7F-BF65-127EB80EA6A7}.Release|x86.Build.0 = Release|Any CPU
		{A216C2F0-A9A6-4D7F-BF65-127EB80EA6A7}.ReleaseMono|Any CPU.ActiveCfg = Release|Any CPU
		{A216C2F0-A9A6-4D7F-BF65-127EB80EA6A7}.ReleaseMono|Any CPU.Build.0 = Release|Any CPU
		{A216C2F0-A9A6-4D7F-BF65-127EB80EA6A7}.ReleaseMono|x64.ActiveCfg = Release|Any CPU
		{A216C2F0-A9A6-4D7F-BF65-127EB80EA6A7}.ReleaseMono|x64.Build.0 = Release|Any CPU
		{A216C2F0-A9A6-4D7F-BF65-127EB80EA6A7}.ReleaseMono|x86.ActiveCfg = Release|Any CPU
		{A216C2F0-A9A6-4D7F-BF65-127EB80EA6A7}.ReleaseMono|x86.Build.0 = Release|Any CPU
		{5CEE1B93-3936-4E32-A414-522DCDCA26BB}.Debug|Any CPU.ActiveCfg = Debug|Any CPU
		{5CEE1B93-3936-4E32-A414-522DCDCA26BB}.Debug|Any CPU.Build.0 = Debug|Any CPU
		{5CEE1B93-3936-4E32-A414-522DCDCA26BB}.Debug|x64.ActiveCfg = Debug|Any CPU
		{5CEE1B93-3936-4E32-A414-522DCDCA26BB}.Debug|x64.Build.0 = Debug|Any CPU
		{5CEE1B93-3936-4E32-A414-522DCDCA26BB}.Debug|x86.ActiveCfg = Debug|Any CPU
		{5CEE1B93-3936-4E32-A414-522DCDCA26BB}.Debug|x86.Build.0 = Debug|Any CPU
		{5CEE1B93-3936-4E32-A414-522DCDCA26BB}.Release|Any CPU.ActiveCfg = Release|Any CPU
		{5CEE1B93-3936-4E32-A414-522DCDCA26BB}.Release|Any CPU.Build.0 = Release|Any CPU
		{5CEE1B93-3936-4E32-A414-522DCDCA26BB}.Release|x64.ActiveCfg = Release|Any CPU
		{5CEE1B93-3936-4E32-A414-522DCDCA26BB}.Release|x64.Build.0 = Release|Any CPU
		{5CEE1B93-3936-4E32-A414-522DCDCA26BB}.Release|x86.ActiveCfg = Release|Any CPU
		{5CEE1B93-3936-4E32-A414-522DCDCA26BB}.Release|x86.Build.0 = Release|Any CPU
		{5CEE1B93-3936-4E32-A414-522DCDCA26BB}.ReleaseMono|Any CPU.ActiveCfg = Release|Any CPU
		{5CEE1B93-3936-4E32-A414-522DCDCA26BB}.ReleaseMono|Any CPU.Build.0 = Release|Any CPU
		{5CEE1B93-3936-4E32-A414-522DCDCA26BB}.ReleaseMono|x64.ActiveCfg = Release|Any CPU
		{5CEE1B93-3936-4E32-A414-522DCDCA26BB}.ReleaseMono|x64.Build.0 = Release|Any CPU
		{5CEE1B93-3936-4E32-A414-522DCDCA26BB}.ReleaseMono|x86.ActiveCfg = Release|Any CPU
		{5CEE1B93-3936-4E32-A414-522DCDCA26BB}.ReleaseMono|x86.Build.0 = Release|Any CPU
		{B48782B9-6FA9-4D18-8564-1849FF4CF40E}.Debug|Any CPU.ActiveCfg = Debug|Any CPU
		{B48782B9-6FA9-4D18-8564-1849FF4CF40E}.Debug|Any CPU.Build.0 = Debug|Any CPU
		{B48782B9-6FA9-4D18-8564-1849FF4CF40E}.Debug|x64.ActiveCfg = Debug|Any CPU
		{B48782B9-6FA9-4D18-8564-1849FF4CF40E}.Debug|x64.Build.0 = Debug|Any CPU
		{B48782B9-6FA9-4D18-8564-1849FF4CF40E}.Debug|x86.ActiveCfg = Debug|Any CPU
		{B48782B9-6FA9-4D18-8564-1849FF4CF40E}.Debug|x86.Build.0 = Debug|Any CPU
		{B48782B9-6FA9-4D18-8564-1849FF4CF40E}.Release|Any CPU.ActiveCfg = Release|Any CPU
		{B48782B9-6FA9-4D18-8564-1849FF4CF40E}.Release|Any CPU.Build.0 = Release|Any CPU
		{B48782B9-6FA9-4D18-8564-1849FF4CF40E}.Release|x64.ActiveCfg = Release|Any CPU
		{B48782B9-6FA9-4D18-8564-1849FF4CF40E}.Release|x64.Build.0 = Release|Any CPU
		{B48782B9-6FA9-4D18-8564-1849FF4CF40E}.Release|x86.ActiveCfg = Release|Any CPU
		{B48782B9-6FA9-4D18-8564-1849FF4CF40E}.Release|x86.Build.0 = Release|Any CPU
		{B48782B9-6FA9-4D18-8564-1849FF4CF40E}.ReleaseMono|Any CPU.ActiveCfg = Release|Any CPU
		{B48782B9-6FA9-4D18-8564-1849FF4CF40E}.ReleaseMono|Any CPU.Build.0 = Release|Any CPU
		{B48782B9-6FA9-4D18-8564-1849FF4CF40E}.ReleaseMono|x64.ActiveCfg = Release|Any CPU
		{B48782B9-6FA9-4D18-8564-1849FF4CF40E}.ReleaseMono|x64.Build.0 = Release|Any CPU
		{B48782B9-6FA9-4D18-8564-1849FF4CF40E}.ReleaseMono|x86.ActiveCfg = Release|Any CPU
		{B48782B9-6FA9-4D18-8564-1849FF4CF40E}.ReleaseMono|x86.Build.0 = Release|Any CPU
		{B41C8F1C-5BD2-43B9-A3CC-FC03DFE04E23}.Debug|Any CPU.ActiveCfg = Debug|Any CPU
		{B41C8F1C-5BD2-43B9-A3CC-FC03DFE04E23}.Debug|Any CPU.Build.0 = Debug|Any CPU
		{B41C8F1C-5BD2-43B9-A3CC-FC03DFE04E23}.Debug|x64.ActiveCfg = Debug|Any CPU
		{B41C8F1C-5BD2-43B9-A3CC-FC03DFE04E23}.Debug|x64.Build.0 = Debug|Any CPU
		{B41C8F1C-5BD2-43B9-A3CC-FC03DFE04E23}.Debug|x86.ActiveCfg = Debug|Any CPU
		{B41C8F1C-5BD2-43B9-A3CC-FC03DFE04E23}.Debug|x86.Build.0 = Debug|Any CPU
		{B41C8F1C-5BD2-43B9-A3CC-FC03DFE04E23}.Release|Any CPU.ActiveCfg = Release|Any CPU
		{B41C8F1C-5BD2-43B9-A3CC-FC03DFE04E23}.Release|Any CPU.Build.0 = Release|Any CPU
		{B41C8F1C-5BD2-43B9-A3CC-FC03DFE04E23}.Release|x64.ActiveCfg = Release|Any CPU
		{B41C8F1C-5BD2-43B9-A3CC-FC03DFE04E23}.Release|x64.Build.0 = Release|Any CPU
		{B41C8F1C-5BD2-43B9-A3CC-FC03DFE04E23}.Release|x86.ActiveCfg = Release|Any CPU
		{B41C8F1C-5BD2-43B9-A3CC-FC03DFE04E23}.Release|x86.Build.0 = Release|Any CPU
		{B41C8F1C-5BD2-43B9-A3CC-FC03DFE04E23}.ReleaseMono|Any CPU.ActiveCfg = Release|Any CPU
		{B41C8F1C-5BD2-43B9-A3CC-FC03DFE04E23}.ReleaseMono|x64.ActiveCfg = Release|Any CPU
		{B41C8F1C-5BD2-43B9-A3CC-FC03DFE04E23}.ReleaseMono|x86.ActiveCfg = Release|Any CPU
		{BEDBC0F8-AD0A-44C3-9A53-C8EC4E631AF4}.Debug|Any CPU.ActiveCfg = Debug|Any CPU
		{BEDBC0F8-AD0A-44C3-9A53-C8EC4E631AF4}.Debug|Any CPU.Build.0 = Debug|Any CPU
		{BEDBC0F8-AD0A-44C3-9A53-C8EC4E631AF4}.Debug|x64.ActiveCfg = Debug|Any CPU
		{BEDBC0F8-AD0A-44C3-9A53-C8EC4E631AF4}.Debug|x64.Build.0 = Debug|Any CPU
		{BEDBC0F8-AD0A-44C3-9A53-C8EC4E631AF4}.Debug|x86.ActiveCfg = Debug|Any CPU
		{BEDBC0F8-AD0A-44C3-9A53-C8EC4E631AF4}.Debug|x86.Build.0 = Debug|Any CPU
		{BEDBC0F8-AD0A-44C3-9A53-C8EC4E631AF4}.Release|Any CPU.ActiveCfg = Release|Any CPU
		{BEDBC0F8-AD0A-44C3-9A53-C8EC4E631AF4}.Release|Any CPU.Build.0 = Release|Any CPU
		{BEDBC0F8-AD0A-44C3-9A53-C8EC4E631AF4}.Release|x64.ActiveCfg = Release|Any CPU
		{BEDBC0F8-AD0A-44C3-9A53-C8EC4E631AF4}.Release|x64.Build.0 = Release|Any CPU
		{BEDBC0F8-AD0A-44C3-9A53-C8EC4E631AF4}.Release|x86.ActiveCfg = Release|Any CPU
		{BEDBC0F8-AD0A-44C3-9A53-C8EC4E631AF4}.Release|x86.Build.0 = Release|Any CPU
		{BEDBC0F8-AD0A-44C3-9A53-C8EC4E631AF4}.ReleaseMono|Any CPU.ActiveCfg = Release|Any CPU
		{BEDBC0F8-AD0A-44C3-9A53-C8EC4E631AF4}.ReleaseMono|x64.ActiveCfg = Release|Any CPU
		{BEDBC0F8-AD0A-44C3-9A53-C8EC4E631AF4}.ReleaseMono|x86.ActiveCfg = Release|Any CPU
		{48A7AC8E-2CB5-403B-8A18-11F493079619}.Debug|Any CPU.ActiveCfg = Debug|Any CPU
		{48A7AC8E-2CB5-403B-8A18-11F493079619}.Debug|Any CPU.Build.0 = Debug|Any CPU
		{48A7AC8E-2CB5-403B-8A18-11F493079619}.Debug|x64.ActiveCfg = Debug|Any CPU
		{48A7AC8E-2CB5-403B-8A18-11F493079619}.Debug|x64.Build.0 = Debug|Any CPU
		{48A7AC8E-2CB5-403B-8A18-11F493079619}.Debug|x86.ActiveCfg = Debug|Any CPU
		{48A7AC8E-2CB5-403B-8A18-11F493079619}.Debug|x86.Build.0 = Debug|Any CPU
		{48A7AC8E-2CB5-403B-8A18-11F493079619}.Release|Any CPU.ActiveCfg = Release|Any CPU
		{48A7AC8E-2CB5-403B-8A18-11F493079619}.Release|Any CPU.Build.0 = Release|Any CPU
		{48A7AC8E-2CB5-403B-8A18-11F493079619}.Release|x64.ActiveCfg = Release|Any CPU
		{48A7AC8E-2CB5-403B-8A18-11F493079619}.Release|x64.Build.0 = Release|Any CPU
		{48A7AC8E-2CB5-403B-8A18-11F493079619}.Release|x86.ActiveCfg = Release|Any CPU
		{48A7AC8E-2CB5-403B-8A18-11F493079619}.Release|x86.Build.0 = Release|Any CPU
		{48A7AC8E-2CB5-403B-8A18-11F493079619}.ReleaseMono|Any CPU.ActiveCfg = Release|Any CPU
		{48A7AC8E-2CB5-403B-8A18-11F493079619}.ReleaseMono|x64.ActiveCfg = Release|Any CPU
		{48A7AC8E-2CB5-403B-8A18-11F493079619}.ReleaseMono|x86.ActiveCfg = Release|Any CPU
		{B3170309-55AB-462C-9100-D77107799E82}.Debug|Any CPU.ActiveCfg = Debug|Any CPU
		{B3170309-55AB-462C-9100-D77107799E82}.Debug|Any CPU.Build.0 = Debug|Any CPU
		{B3170309-55AB-462C-9100-D77107799E82}.Debug|x64.ActiveCfg = Debug|Any CPU
		{B3170309-55AB-462C-9100-D77107799E82}.Debug|x64.Build.0 = Debug|Any CPU
		{B3170309-55AB-462C-9100-D77107799E82}.Debug|x86.ActiveCfg = Debug|Any CPU
		{B3170309-55AB-462C-9100-D77107799E82}.Debug|x86.Build.0 = Debug|Any CPU
		{B3170309-55AB-462C-9100-D77107799E82}.Release|Any CPU.ActiveCfg = Release|Any CPU
		{B3170309-55AB-462C-9100-D77107799E82}.Release|Any CPU.Build.0 = Release|Any CPU
		{B3170309-55AB-462C-9100-D77107799E82}.Release|x64.ActiveCfg = Release|Any CPU
		{B3170309-55AB-462C-9100-D77107799E82}.Release|x64.Build.0 = Release|Any CPU
		{B3170309-55AB-462C-9100-D77107799E82}.Release|x86.ActiveCfg = Release|Any CPU
		{B3170309-55AB-462C-9100-D77107799E82}.Release|x86.Build.0 = Release|Any CPU
		{B3170309-55AB-462C-9100-D77107799E82}.ReleaseMono|Any CPU.ActiveCfg = Release|Any CPU
		{B3170309-55AB-462C-9100-D77107799E82}.ReleaseMono|Any CPU.Build.0 = Release|Any CPU
		{B3170309-55AB-462C-9100-D77107799E82}.ReleaseMono|x64.ActiveCfg = Release|Any CPU
		{B3170309-55AB-462C-9100-D77107799E82}.ReleaseMono|x64.Build.0 = Release|Any CPU
		{B3170309-55AB-462C-9100-D77107799E82}.ReleaseMono|x86.ActiveCfg = Release|Any CPU
		{B3170309-55AB-462C-9100-D77107799E82}.ReleaseMono|x86.Build.0 = Release|Any CPU
		{A43E44E5-F9C1-44BD-A593-419EC113117B}.Debug|Any CPU.ActiveCfg = Debug|Any CPU
		{A43E44E5-F9C1-44BD-A593-419EC113117B}.Debug|Any CPU.Build.0 = Debug|Any CPU
		{A43E44E5-F9C1-44BD-A593-419EC113117B}.Debug|x64.ActiveCfg = Debug|Any CPU
		{A43E44E5-F9C1-44BD-A593-419EC113117B}.Debug|x64.Build.0 = Debug|Any CPU
		{A43E44E5-F9C1-44BD-A593-419EC113117B}.Debug|x86.ActiveCfg = Debug|Any CPU
		{A43E44E5-F9C1-44BD-A593-419EC113117B}.Debug|x86.Build.0 = Debug|Any CPU
		{A43E44E5-F9C1-44BD-A593-419EC113117B}.Release|Any CPU.ActiveCfg = Release|Any CPU
		{A43E44E5-F9C1-44BD-A593-419EC113117B}.Release|Any CPU.Build.0 = Release|Any CPU
		{A43E44E5-F9C1-44BD-A593-419EC113117B}.Release|x64.ActiveCfg = Release|Any CPU
		{A43E44E5-F9C1-44BD-A593-419EC113117B}.Release|x64.Build.0 = Release|Any CPU
		{A43E44E5-F9C1-44BD-A593-419EC113117B}.Release|x86.ActiveCfg = Release|Any CPU
		{A43E44E5-F9C1-44BD-A593-419EC113117B}.Release|x86.Build.0 = Release|Any CPU
		{A43E44E5-F9C1-44BD-A593-419EC113117B}.ReleaseMono|Any CPU.ActiveCfg = Release|Any CPU
		{A43E44E5-F9C1-44BD-A593-419EC113117B}.ReleaseMono|Any CPU.Build.0 = Release|Any CPU
		{A43E44E5-F9C1-44BD-A593-419EC113117B}.ReleaseMono|x64.ActiveCfg = Release|Any CPU
		{A43E44E5-F9C1-44BD-A593-419EC113117B}.ReleaseMono|x64.Build.0 = Release|Any CPU
		{A43E44E5-F9C1-44BD-A593-419EC113117B}.ReleaseMono|x86.ActiveCfg = Release|Any CPU
		{A43E44E5-F9C1-44BD-A593-419EC113117B}.ReleaseMono|x86.Build.0 = Release|Any CPU
		{2E17A091-DC29-41FB-ABC8-767BD75FFB07}.Debug|Any CPU.ActiveCfg = Debug|Any CPU
		{2E17A091-DC29-41FB-ABC8-767BD75FFB07}.Debug|Any CPU.Build.0 = Debug|Any CPU
		{2E17A091-DC29-41FB-ABC8-767BD75FFB07}.Debug|x64.ActiveCfg = Debug|Any CPU
		{2E17A091-DC29-41FB-ABC8-767BD75FFB07}.Debug|x64.Build.0 = Debug|Any CPU
		{2E17A091-DC29-41FB-ABC8-767BD75FFB07}.Debug|x86.ActiveCfg = Debug|Any CPU
		{2E17A091-DC29-41FB-ABC8-767BD75FFB07}.Debug|x86.Build.0 = Debug|Any CPU
		{2E17A091-DC29-41FB-ABC8-767BD75FFB07}.Release|Any CPU.ActiveCfg = Release|Any CPU
		{2E17A091-DC29-41FB-ABC8-767BD75FFB07}.Release|Any CPU.Build.0 = Release|Any CPU
		{2E17A091-DC29-41FB-ABC8-767BD75FFB07}.Release|x64.ActiveCfg = Release|Any CPU
		{2E17A091-DC29-41FB-ABC8-767BD75FFB07}.Release|x64.Build.0 = Release|Any CPU
		{2E17A091-DC29-41FB-ABC8-767BD75FFB07}.Release|x86.ActiveCfg = Release|Any CPU
		{2E17A091-DC29-41FB-ABC8-767BD75FFB07}.Release|x86.Build.0 = Release|Any CPU
		{2E17A091-DC29-41FB-ABC8-767BD75FFB07}.ReleaseMono|Any CPU.ActiveCfg = Release|Any CPU
		{2E17A091-DC29-41FB-ABC8-767BD75FFB07}.ReleaseMono|Any CPU.Build.0 = Release|Any CPU
		{2E17A091-DC29-41FB-ABC8-767BD75FFB07}.ReleaseMono|x64.ActiveCfg = Release|Any CPU
		{2E17A091-DC29-41FB-ABC8-767BD75FFB07}.ReleaseMono|x64.Build.0 = Release|Any CPU
		{2E17A091-DC29-41FB-ABC8-767BD75FFB07}.ReleaseMono|x86.ActiveCfg = Release|Any CPU
		{2E17A091-DC29-41FB-ABC8-767BD75FFB07}.ReleaseMono|x86.Build.0 = Release|Any CPU
		{6D7A63C9-16AB-4B7E-B9C0-0956E1E02610}.Debug|Any CPU.ActiveCfg = Debug|Any CPU
		{6D7A63C9-16AB-4B7E-B9C0-0956E1E02610}.Debug|Any CPU.Build.0 = Debug|Any CPU
		{6D7A63C9-16AB-4B7E-B9C0-0956E1E02610}.Debug|x64.ActiveCfg = Debug|Any CPU
		{6D7A63C9-16AB-4B7E-B9C0-0956E1E02610}.Debug|x64.Build.0 = Debug|Any CPU
		{6D7A63C9-16AB-4B7E-B9C0-0956E1E02610}.Debug|x86.ActiveCfg = Debug|Any CPU
		{6D7A63C9-16AB-4B7E-B9C0-0956E1E02610}.Debug|x86.Build.0 = Debug|Any CPU
		{6D7A63C9-16AB-4B7E-B9C0-0956E1E02610}.Release|Any CPU.ActiveCfg = Release|Any CPU
		{6D7A63C9-16AB-4B7E-B9C0-0956E1E02610}.Release|Any CPU.Build.0 = Release|Any CPU
		{6D7A63C9-16AB-4B7E-B9C0-0956E1E02610}.Release|x64.ActiveCfg = Release|Any CPU
		{6D7A63C9-16AB-4B7E-B9C0-0956E1E02610}.Release|x64.Build.0 = Release|Any CPU
		{6D7A63C9-16AB-4B7E-B9C0-0956E1E02610}.Release|x86.ActiveCfg = Release|Any CPU
		{6D7A63C9-16AB-4B7E-B9C0-0956E1E02610}.Release|x86.Build.0 = Release|Any CPU
		{6D7A63C9-16AB-4B7E-B9C0-0956E1E02610}.ReleaseMono|Any CPU.ActiveCfg = Release|Any CPU
		{6D7A63C9-16AB-4B7E-B9C0-0956E1E02610}.ReleaseMono|Any CPU.Build.0 = Release|Any CPU
		{6D7A63C9-16AB-4B7E-B9C0-0956E1E02610}.ReleaseMono|x64.ActiveCfg = Release|Any CPU
		{6D7A63C9-16AB-4B7E-B9C0-0956E1E02610}.ReleaseMono|x64.Build.0 = Release|Any CPU
		{6D7A63C9-16AB-4B7E-B9C0-0956E1E02610}.ReleaseMono|x86.ActiveCfg = Release|Any CPU
		{6D7A63C9-16AB-4B7E-B9C0-0956E1E02610}.ReleaseMono|x86.Build.0 = Release|Any CPU
		{9F88C871-CB37-4A88-BACF-540AC253C202}.Debug|Any CPU.ActiveCfg = Debug|Any CPU
		{9F88C871-CB37-4A88-BACF-540AC253C202}.Debug|Any CPU.Build.0 = Debug|Any CPU
		{9F88C871-CB37-4A88-BACF-540AC253C202}.Debug|x64.ActiveCfg = Debug|Any CPU
		{9F88C871-CB37-4A88-BACF-540AC253C202}.Debug|x64.Build.0 = Debug|Any CPU
		{9F88C871-CB37-4A88-BACF-540AC253C202}.Debug|x86.ActiveCfg = Debug|Any CPU
		{9F88C871-CB37-4A88-BACF-540AC253C202}.Debug|x86.Build.0 = Debug|Any CPU
		{9F88C871-CB37-4A88-BACF-540AC253C202}.Release|Any CPU.ActiveCfg = Release|Any CPU
		{9F88C871-CB37-4A88-BACF-540AC253C202}.Release|Any CPU.Build.0 = Release|Any CPU
		{9F88C871-CB37-4A88-BACF-540AC253C202}.Release|x64.ActiveCfg = Release|Any CPU
		{9F88C871-CB37-4A88-BACF-540AC253C202}.Release|x64.Build.0 = Release|Any CPU
		{9F88C871-CB37-4A88-BACF-540AC253C202}.Release|x86.ActiveCfg = Release|Any CPU
		{9F88C871-CB37-4A88-BACF-540AC253C202}.Release|x86.Build.0 = Release|Any CPU
		{9F88C871-CB37-4A88-BACF-540AC253C202}.ReleaseMono|Any CPU.ActiveCfg = Debug|Any CPU
		{9F88C871-CB37-4A88-BACF-540AC253C202}.ReleaseMono|Any CPU.Build.0 = Debug|Any CPU
		{9F88C871-CB37-4A88-BACF-540AC253C202}.ReleaseMono|x64.ActiveCfg = Debug|Any CPU
		{9F88C871-CB37-4A88-BACF-540AC253C202}.ReleaseMono|x64.Build.0 = Debug|Any CPU
		{9F88C871-CB37-4A88-BACF-540AC253C202}.ReleaseMono|x86.ActiveCfg = Debug|Any CPU
		{9F88C871-CB37-4A88-BACF-540AC253C202}.ReleaseMono|x86.Build.0 = Debug|Any CPU
		{B1A38DDE-5534-4625-A3F2-A585BA7A1198}.Debug|Any CPU.ActiveCfg = Debug|Any CPU
		{B1A38DDE-5534-4625-A3F2-A585BA7A1198}.Debug|Any CPU.Build.0 = Debug|Any CPU
		{B1A38DDE-5534-4625-A3F2-A585BA7A1198}.Debug|x64.ActiveCfg = Debug|Any CPU
		{B1A38DDE-5534-4625-A3F2-A585BA7A1198}.Debug|x64.Build.0 = Debug|Any CPU
		{B1A38DDE-5534-4625-A3F2-A585BA7A1198}.Debug|x86.ActiveCfg = Debug|Any CPU
		{B1A38DDE-5534-4625-A3F2-A585BA7A1198}.Debug|x86.Build.0 = Debug|Any CPU
		{B1A38DDE-5534-4625-A3F2-A585BA7A1198}.Release|Any CPU.ActiveCfg = Release|Any CPU
		{B1A38DDE-5534-4625-A3F2-A585BA7A1198}.Release|Any CPU.Build.0 = Release|Any CPU
		{B1A38DDE-5534-4625-A3F2-A585BA7A1198}.Release|x64.ActiveCfg = Release|Any CPU
		{B1A38DDE-5534-4625-A3F2-A585BA7A1198}.Release|x64.Build.0 = Release|Any CPU
		{B1A38DDE-5534-4625-A3F2-A585BA7A1198}.Release|x86.ActiveCfg = Release|Any CPU
		{B1A38DDE-5534-4625-A3F2-A585BA7A1198}.Release|x86.Build.0 = Release|Any CPU
		{B1A38DDE-5534-4625-A3F2-A585BA7A1198}.ReleaseMono|Any CPU.ActiveCfg = Debug|Any CPU
		{B1A38DDE-5534-4625-A3F2-A585BA7A1198}.ReleaseMono|Any CPU.Build.0 = Debug|Any CPU
		{B1A38DDE-5534-4625-A3F2-A585BA7A1198}.ReleaseMono|x64.ActiveCfg = Debug|Any CPU
		{B1A38DDE-5534-4625-A3F2-A585BA7A1198}.ReleaseMono|x64.Build.0 = Debug|Any CPU
		{B1A38DDE-5534-4625-A3F2-A585BA7A1198}.ReleaseMono|x86.ActiveCfg = Debug|Any CPU
		{B1A38DDE-5534-4625-A3F2-A585BA7A1198}.ReleaseMono|x86.Build.0 = Debug|Any CPU
		{8698E0C2-1A82-43E6-8A26-3D9A825CF574}.Debug|Any CPU.ActiveCfg = Debug|Any CPU
		{8698E0C2-1A82-43E6-8A26-3D9A825CF574}.Debug|Any CPU.Build.0 = Debug|Any CPU
		{8698E0C2-1A82-43E6-8A26-3D9A825CF574}.Debug|x64.ActiveCfg = Debug|Any CPU
		{8698E0C2-1A82-43E6-8A26-3D9A825CF574}.Debug|x64.Build.0 = Debug|Any CPU
		{8698E0C2-1A82-43E6-8A26-3D9A825CF574}.Debug|x86.ActiveCfg = Debug|Any CPU
		{8698E0C2-1A82-43E6-8A26-3D9A825CF574}.Debug|x86.Build.0 = Debug|Any CPU
		{8698E0C2-1A82-43E6-8A26-3D9A825CF574}.Release|Any CPU.ActiveCfg = Release|Any CPU
		{8698E0C2-1A82-43E6-8A26-3D9A825CF574}.Release|Any CPU.Build.0 = Release|Any CPU
		{8698E0C2-1A82-43E6-8A26-3D9A825CF574}.Release|x64.ActiveCfg = Release|Any CPU
		{8698E0C2-1A82-43E6-8A26-3D9A825CF574}.Release|x64.Build.0 = Release|Any CPU
		{8698E0C2-1A82-43E6-8A26-3D9A825CF574}.Release|x86.ActiveCfg = Release|Any CPU
		{8698E0C2-1A82-43E6-8A26-3D9A825CF574}.Release|x86.Build.0 = Release|Any CPU
		{8698E0C2-1A82-43E6-8A26-3D9A825CF574}.ReleaseMono|Any CPU.ActiveCfg = Debug|Any CPU
		{8698E0C2-1A82-43E6-8A26-3D9A825CF574}.ReleaseMono|Any CPU.Build.0 = Debug|Any CPU
		{8698E0C2-1A82-43E6-8A26-3D9A825CF574}.ReleaseMono|x64.ActiveCfg = Debug|Any CPU
		{8698E0C2-1A82-43E6-8A26-3D9A825CF574}.ReleaseMono|x64.Build.0 = Debug|Any CPU
		{8698E0C2-1A82-43E6-8A26-3D9A825CF574}.ReleaseMono|x86.ActiveCfg = Debug|Any CPU
		{8698E0C2-1A82-43E6-8A26-3D9A825CF574}.ReleaseMono|x86.Build.0 = Debug|Any CPU
		{F782BC86-9CE6-4F69-8F77-710A399CB54F}.Debug|Any CPU.ActiveCfg = Debug|Any CPU
		{F782BC86-9CE6-4F69-8F77-710A399CB54F}.Debug|Any CPU.Build.0 = Debug|Any CPU
		{F782BC86-9CE6-4F69-8F77-710A399CB54F}.Debug|x64.ActiveCfg = Debug|Any CPU
		{F782BC86-9CE6-4F69-8F77-710A399CB54F}.Debug|x64.Build.0 = Debug|Any CPU
		{F782BC86-9CE6-4F69-8F77-710A399CB54F}.Debug|x86.ActiveCfg = Debug|Any CPU
		{F782BC86-9CE6-4F69-8F77-710A399CB54F}.Debug|x86.Build.0 = Debug|Any CPU
		{F782BC86-9CE6-4F69-8F77-710A399CB54F}.Release|Any CPU.ActiveCfg = Release|Any CPU
		{F782BC86-9CE6-4F69-8F77-710A399CB54F}.Release|Any CPU.Build.0 = Release|Any CPU
		{F782BC86-9CE6-4F69-8F77-710A399CB54F}.Release|x64.ActiveCfg = Release|Any CPU
		{F782BC86-9CE6-4F69-8F77-710A399CB54F}.Release|x64.Build.0 = Release|Any CPU
		{F782BC86-9CE6-4F69-8F77-710A399CB54F}.Release|x86.ActiveCfg = Release|Any CPU
		{F782BC86-9CE6-4F69-8F77-710A399CB54F}.Release|x86.Build.0 = Release|Any CPU
		{F782BC86-9CE6-4F69-8F77-710A399CB54F}.ReleaseMono|Any CPU.ActiveCfg = Debug|Any CPU
		{F782BC86-9CE6-4F69-8F77-710A399CB54F}.ReleaseMono|Any CPU.Build.0 = Debug|Any CPU
		{F782BC86-9CE6-4F69-8F77-710A399CB54F}.ReleaseMono|x64.ActiveCfg = Debug|Any CPU
		{F782BC86-9CE6-4F69-8F77-710A399CB54F}.ReleaseMono|x64.Build.0 = Debug|Any CPU
		{F782BC86-9CE6-4F69-8F77-710A399CB54F}.ReleaseMono|x86.ActiveCfg = Debug|Any CPU
		{F782BC86-9CE6-4F69-8F77-710A399CB54F}.ReleaseMono|x86.Build.0 = Debug|Any CPU
		{763BAD3E-3244-4E8F-8182-2BF35774262A}.Debug|Any CPU.ActiveCfg = Debug|Any CPU
		{763BAD3E-3244-4E8F-8182-2BF35774262A}.Debug|Any CPU.Build.0 = Debug|Any CPU
		{763BAD3E-3244-4E8F-8182-2BF35774262A}.Debug|x64.ActiveCfg = Debug|Any CPU
		{763BAD3E-3244-4E8F-8182-2BF35774262A}.Debug|x64.Build.0 = Debug|Any CPU
		{763BAD3E-3244-4E8F-8182-2BF35774262A}.Debug|x86.ActiveCfg = Debug|Any CPU
		{763BAD3E-3244-4E8F-8182-2BF35774262A}.Debug|x86.Build.0 = Debug|Any CPU
		{763BAD3E-3244-4E8F-8182-2BF35774262A}.Release|Any CPU.ActiveCfg = Release|Any CPU
		{763BAD3E-3244-4E8F-8182-2BF35774262A}.Release|Any CPU.Build.0 = Release|Any CPU
		{763BAD3E-3244-4E8F-8182-2BF35774262A}.Release|x64.ActiveCfg = Release|Any CPU
		{763BAD3E-3244-4E8F-8182-2BF35774262A}.Release|x64.Build.0 = Release|Any CPU
		{763BAD3E-3244-4E8F-8182-2BF35774262A}.Release|x86.ActiveCfg = Release|Any CPU
		{763BAD3E-3244-4E8F-8182-2BF35774262A}.Release|x86.Build.0 = Release|Any CPU
		{763BAD3E-3244-4E8F-8182-2BF35774262A}.ReleaseMono|Any CPU.ActiveCfg = Debug|Any CPU
		{763BAD3E-3244-4E8F-8182-2BF35774262A}.ReleaseMono|Any CPU.Build.0 = Debug|Any CPU
		{763BAD3E-3244-4E8F-8182-2BF35774262A}.ReleaseMono|x64.ActiveCfg = Debug|Any CPU
		{763BAD3E-3244-4E8F-8182-2BF35774262A}.ReleaseMono|x64.Build.0 = Debug|Any CPU
		{763BAD3E-3244-4E8F-8182-2BF35774262A}.ReleaseMono|x86.ActiveCfg = Debug|Any CPU
		{763BAD3E-3244-4E8F-8182-2BF35774262A}.ReleaseMono|x86.Build.0 = Debug|Any CPU
	EndGlobalSection
	GlobalSection(SolutionProperties) = preSolution
		HideSolutionNode = FALSE
	EndGlobalSection
	GlobalSection(ExtensibilityGlobals) = postSolution
		SolutionGuid = {DB552D2A-94E1-4A1C-9F3E-E0097C6158CD}
	EndGlobalSection
EndGlobal
