
Microsoft Visual Studio Solution File, Format Version 12.00
# Visual Studio Version 17
VisualStudioVersion = 17.5.33424.131
MinimumVisualStudioVersion = 15.0.26124.0
Project("{9A19103F-16F7-4668-BE54-9A1E7A4F7556}") = "Libplanet.Stun", "src\Libplanet.Stun\Libplanet.Stun.csproj", "{4F5DB8F5-D0F4-454C-95A7-87F53E5D5E36}"
EndProject
Project("{9A19103F-16F7-4668-BE54-9A1E7A4F7556}") = "Libplanet.Stun.Tests", "test\Libplanet.Stun.Tests\Libplanet.Stun.Tests.csproj", "{5C2B23E2-C286-412D-ADE1-F6796B7083DE}"
EndProject
Project("{9A19103F-16F7-4668-BE54-9A1E7A4F7556}") = "Libplanet", "src\Libplanet\Libplanet.csproj", "{50E14C9A-3C2F-4A51-971F-6143952D0F1C}"
EndProject
Project("{9A19103F-16F7-4668-BE54-9A1E7A4F7556}") = "Libplanet.Tests", "test\Libplanet.Tests\Libplanet.Tests.csproj", "{3BA7D9BE-EBBF-432E-9880-0E2D2C17FCF8}"
EndProject
Project("{9A19103F-16F7-4668-BE54-9A1E7A4F7556}") = "Libplanet.Benchmarks", "tools\Libplanet.Benchmarks\Libplanet.Benchmarks.csproj", "{E010FB5E-0D68-4AF7-B632-5DB6B902F158}"
EndProject
Project("{9A19103F-16F7-4668-BE54-9A1E7A4F7556}") = "Libplanet.RocksDBStore", "src\Libplanet.RocksDBStore\Libplanet.RocksDBStore.csproj", "{A5DE942D-912D-4012-8493-1E958E5445F4}"
EndProject
Project("{9A19103F-16F7-4668-BE54-9A1E7A4F7556}") = "Libplanet.RocksDBStore.Tests", "test\Libplanet.RocksDBStore.Tests\Libplanet.RocksDBStore.Tests.csproj", "{ADCBBAC0-0A87-45B7-BD31-314F136F74D4}"
EndProject
Project("{9A19103F-16F7-4668-BE54-9A1E7A4F7556}") = "Libplanet.Tools", "tools\Libplanet.Tools\Libplanet.Tools.csproj", "{A216C2F0-A9A6-4D7F-BF65-127EB80EA6A7}"
EndProject
Project("{9A19103F-16F7-4668-BE54-9A1E7A4F7556}") = "Libplanet.Analyzers", "tools\Libplanet.Analyzers\Libplanet.Analyzers.csproj", "{5CEE1B93-3936-4E32-A414-522DCDCA26BB}"
EndProject
Project("{9A19103F-16F7-4668-BE54-9A1E7A4F7556}") = "Libplanet.Analyzers.Tests", "test\Libplanet.Analyzers.Tests\Libplanet.Analyzers.Tests.csproj", "{B48782B9-6FA9-4D18-8564-1849FF4CF40E}"
EndProject
Project("{9A19103F-16F7-4668-BE54-9A1E7A4F7556}") = "Libplanet.Explorer", "tools\Libplanet.Explorer\Libplanet.Explorer.csproj", "{B41C8F1C-5BD2-43B9-A3CC-FC03DFE04E23}"
EndProject
Project("{9A19103F-16F7-4668-BE54-9A1E7A4F7556}") = "Libplanet.Explorer.Executable", "tools\Libplanet.Explorer.Executable\Libplanet.Explorer.Executable.csproj", "{BEDBC0F8-AD0A-44C3-9A53-C8EC4E631AF4}"
EndProject
Project("{9A19103F-16F7-4668-BE54-9A1E7A4F7556}") = "Libplanet.Explorer.Tests", "test\Libplanet.Explorer.Tests\Libplanet.Explorer.Tests.csproj", "{48A7AC8E-2CB5-403B-8A18-11F493079619}"
EndProject
Project("{9A19103F-16F7-4668-BE54-9A1E7A4F7556}") = "Libplanet.Extensions.Cocona", "tools\Libplanet.Extensions.Cocona\Libplanet.Extensions.Cocona.csproj", "{B3170309-55AB-462C-9100-D77107799E82}"
EndProject
Project("{9A19103F-16F7-4668-BE54-9A1E7A4F7556}") = "Libplanet.Extensions.Cocona.Tests", "test\Libplanet.Extensions.Cocona.Tests\Libplanet.Extensions.Cocona.Tests.csproj", "{A43E44E5-F9C1-44BD-A593-419EC113117B}"
EndProject
Project("{9A19103F-16F7-4668-BE54-9A1E7A4F7556}") = "Libplanet.Net", "src\Libplanet.Net\Libplanet.Net.csproj", "{2E17A091-DC29-41FB-ABC8-767BD75FFB07}"
EndProject
Project("{9A19103F-16F7-4668-BE54-9A1E7A4F7556}") = "Libplanet.Net.Tests", "test\Libplanet.Net.Tests\Libplanet.Net.Tests.csproj", "{6D7A63C9-16AB-4B7E-B9C0-0956E1E02610}"
EndProject
Project("{9A19103F-16F7-4668-BE54-9A1E7A4F7556}") = "Libplanet.Crypto.Secp256k1", "src\Libplanet.Crypto.Secp256k1\Libplanet.Crypto.Secp256k1.csproj", "{9F88C871-CB37-4A88-BACF-540AC253C202}"
EndProject
Project("{9A19103F-16F7-4668-BE54-9A1E7A4F7556}") = "Libplanet.Crypto.Secp256k1.Tests", "test\Libplanet.Crypto.Secp256k1.Tests\Libplanet.Crypto.Secp256k1.Tests.csproj", "{B1A38DDE-5534-4625-A3F2-A585BA7A1198}"
EndProject
Project("{9A19103F-16F7-4668-BE54-9A1E7A4F7556}") = "Libplanet.Explorer.Cocona", "tools\Libplanet.Explorer.Cocona\Libplanet.Explorer.Cocona.csproj", "{8698E0C2-1A82-43E6-8A26-3D9A825CF574}"
EndProject
Project("{9A19103F-16F7-4668-BE54-9A1E7A4F7556}") = "Libplanet.Explorer.Cocona.Tests", "test\Libplanet.Explorer.Cocona.Tests\Libplanet.Explorer.Cocona.Tests.csproj", "{F782BC86-9CE6-4F69-8F77-710A399CB54F}"
EndProject
Project("{9A19103F-16F7-4668-BE54-9A1E7A4F7556}") = "Libplanet.Common", "src\Libplanet.Common\Libplanet.Common.csproj", "{763BAD3E-3244-4E8F-8182-2BF35774262A}"
EndProject
Project("{9A19103F-16F7-4668-BE54-9A1E7A4F7556}") = "Libplanet.Store", "src\Libplanet.Store\Libplanet.Store.csproj", "{2BC01C4C-288B-4768-BAD0-9BC441D82505}"
EndProject
Project("{9A19103F-16F7-4668-BE54-9A1E7A4F7556}") = "Libplanet.Action", "src\Libplanet.Action\Libplanet.Action.csproj", "{DDD598B2-005F-4CB2-B26B-A40CC0F9DE8E}"
EndProject
Project("{9A19103F-16F7-4668-BE54-9A1E7A4F7556}") = "Libplanet.Action.Tests", "test\Libplanet.Action.Tests\Libplanet.Action.Tests.csproj", "{5B2BF317-7315-431F-A854-488CD541F42E}"
EndProject
Project("{9A19103F-16F7-4668-BE54-9A1E7A4F7556}") = "Libplanet.Crypto", "src\Libplanet.Crypto\Libplanet.Crypto.csproj", "{896946A7-35AB-40D0-972C-CED7A448B97A}"
EndProject
Project("{9A19103F-16F7-4668-BE54-9A1E7A4F7556}") = "Libplanet.Types", "src\Libplanet.Types\Libplanet.Types.csproj", "{C7EFF544-391C-488F-A747-2663AFEED250}"
EndProject
Project("{9A19103F-16F7-4668-BE54-9A1E7A4F7556}") = "Libplanet.Store.Remote", "src\Libplanet.Store.Remote\Libplanet.Store.Remote.csproj", "{CF31204A-12CF-43C0-9054-B9AF98EC83BD}"
EndProject
Project("{9A19103F-16F7-4668-BE54-9A1E7A4F7556}") = "Libplanet.Store.Remote.Tests", "test\Libplanet.Store.Remote.Tests\Libplanet.Store.Remote.Tests.csproj", "{97F29346-636E-4BCA-B33D-6D0DB26A5AA6}"
EndProject
Project("{9A19103F-16F7-4668-BE54-9A1E7A4F7556}") = "Libplanet.Mocks", "test\Libplanet.Mocks\Libplanet.Mocks.csproj", "{46C1A70D-D1DE-4173-A8C0-00F680F026E3}"
EndProject
Project("{2150E333-8FDC-42A3-9474-1A3956D46DE8}") = "src", "src", "{AC908E33-B856-4E23-9F81-B7F7C97A07F9}"
EndProject
Project("{2150E333-8FDC-42A3-9474-1A3956D46DE8}") = "test", "test", "{B9C00FAF-36CF-463A-83FA-43E6B974AE2E}"
EndProject
Project("{2150E333-8FDC-42A3-9474-1A3956D46DE8}") = "tools", "tools", "{88E7FAF4-CEEC-48B6-9114-71CFE3FC0F50}"
EndProject
Project("{2150E333-8FDC-42A3-9474-1A3956D46DE8}") = "sdk", "sdk", "{D8186A1A-6640-4986-9E97-FABE59F6DCE0}"
EndProject
Project("{2150E333-8FDC-42A3-9474-1A3956D46DE8}") = "node", "node", "{8CA69CC9-3415-4484-9342-88D495AE2FF6}"
EndProject
Project("{FAE04EC0-301F-11D3-BF4B-00C04F79EFBC}") = "Libplanet.Node", "sdk\node\Libplanet.Node\Libplanet.Node.csproj", "{2CBD3BE8-9DBF-483D-8E38-88E9DBC86D91}"
EndProject
Project("{FAE04EC0-301F-11D3-BF4B-00C04F79EFBC}") = "Libplanet.Node.Extensions", "sdk\node\Libplanet.Node.Extensions\Libplanet.Node.Extensions.csproj", "{704BA731-9C70-4CBE-A607-1A2E1FB73753}"
EndProject
Project("{FAE04EC0-301F-11D3-BF4B-00C04F79EFBC}") = "Libplanet.Node.Executable", "sdk\node\Libplanet.Node.Executable\Libplanet.Node.Executable.csproj", "{A0EAD8F0-B7A3-4112-9F3F-2D9922A500BA}"
EndProject
Project("{FAE04EC0-301F-11D3-BF4B-00C04F79EFBC}") = "Libplanet.Node.Tests", "sdk\node\Libplanet.Node.Tests\Libplanet.Node.Tests.csproj", "{C050C5F0-8A40-4CB1-9715-A55EBF94FBF2}"
EndProject
Global
	GlobalSection(SolutionConfigurationPlatforms) = preSolution
		Debug|Any CPU = Debug|Any CPU
		Debug|x64 = Debug|x64
		Debug|x86 = Debug|x86
		ReleaseMono|Any CPU = ReleaseMono|Any CPU
		ReleaseMono|x64 = ReleaseMono|x64
		ReleaseMono|x86 = ReleaseMono|x86
		Release|Any CPU = Release|Any CPU
		Release|x64 = Release|x64
		Release|x86 = Release|x86
	EndGlobalSection
	GlobalSection(ProjectConfigurationPlatforms) = postSolution
		{4F5DB8F5-D0F4-454C-95A7-87F53E5D5E36}.Debug|Any CPU.ActiveCfg = Debug|Any CPU
		{4F5DB8F5-D0F4-454C-95A7-87F53E5D5E36}.Debug|Any CPU.Build.0 = Debug|Any CPU
		{4F5DB8F5-D0F4-454C-95A7-87F53E5D5E36}.Debug|x64.ActiveCfg = Debug|Any CPU
		{4F5DB8F5-D0F4-454C-95A7-87F53E5D5E36}.Debug|x64.Build.0 = Debug|Any CPU
		{4F5DB8F5-D0F4-454C-95A7-87F53E5D5E36}.Debug|x86.ActiveCfg = Debug|Any CPU
		{4F5DB8F5-D0F4-454C-95A7-87F53E5D5E36}.Debug|x86.Build.0 = Debug|Any CPU
		{4F5DB8F5-D0F4-454C-95A7-87F53E5D5E36}.ReleaseMono|Any CPU.ActiveCfg = Release|Any CPU
		{4F5DB8F5-D0F4-454C-95A7-87F53E5D5E36}.ReleaseMono|Any CPU.Build.0 = Release|Any CPU
		{4F5DB8F5-D0F4-454C-95A7-87F53E5D5E36}.ReleaseMono|x64.ActiveCfg = Release|Any CPU
		{4F5DB8F5-D0F4-454C-95A7-87F53E5D5E36}.ReleaseMono|x64.Build.0 = Release|Any CPU
		{4F5DB8F5-D0F4-454C-95A7-87F53E5D5E36}.ReleaseMono|x86.ActiveCfg = Release|Any CPU
		{4F5DB8F5-D0F4-454C-95A7-87F53E5D5E36}.ReleaseMono|x86.Build.0 = Release|Any CPU
		{4F5DB8F5-D0F4-454C-95A7-87F53E5D5E36}.Release|Any CPU.ActiveCfg = Release|Any CPU
		{4F5DB8F5-D0F4-454C-95A7-87F53E5D5E36}.Release|Any CPU.Build.0 = Release|Any CPU
		{4F5DB8F5-D0F4-454C-95A7-87F53E5D5E36}.Release|x64.ActiveCfg = Release|Any CPU
		{4F5DB8F5-D0F4-454C-95A7-87F53E5D5E36}.Release|x64.Build.0 = Release|Any CPU
		{4F5DB8F5-D0F4-454C-95A7-87F53E5D5E36}.Release|x86.ActiveCfg = Release|Any CPU
		{4F5DB8F5-D0F4-454C-95A7-87F53E5D5E36}.Release|x86.Build.0 = Release|Any CPU
		{5C2B23E2-C286-412D-ADE1-F6796B7083DE}.Debug|Any CPU.ActiveCfg = Debug|Any CPU
		{5C2B23E2-C286-412D-ADE1-F6796B7083DE}.Debug|Any CPU.Build.0 = Debug|Any CPU
		{5C2B23E2-C286-412D-ADE1-F6796B7083DE}.Debug|x64.ActiveCfg = Debug|Any CPU
		{5C2B23E2-C286-412D-ADE1-F6796B7083DE}.Debug|x64.Build.0 = Debug|Any CPU
		{5C2B23E2-C286-412D-ADE1-F6796B7083DE}.Debug|x86.ActiveCfg = Debug|Any CPU
		{5C2B23E2-C286-412D-ADE1-F6796B7083DE}.Debug|x86.Build.0 = Debug|Any CPU
		{5C2B23E2-C286-412D-ADE1-F6796B7083DE}.ReleaseMono|Any CPU.ActiveCfg = Release|Any CPU
		{5C2B23E2-C286-412D-ADE1-F6796B7083DE}.ReleaseMono|Any CPU.Build.0 = Release|Any CPU
		{5C2B23E2-C286-412D-ADE1-F6796B7083DE}.ReleaseMono|x64.ActiveCfg = Release|Any CPU
		{5C2B23E2-C286-412D-ADE1-F6796B7083DE}.ReleaseMono|x64.Build.0 = Release|Any CPU
		{5C2B23E2-C286-412D-ADE1-F6796B7083DE}.ReleaseMono|x86.ActiveCfg = Release|Any CPU
		{5C2B23E2-C286-412D-ADE1-F6796B7083DE}.ReleaseMono|x86.Build.0 = Release|Any CPU
		{5C2B23E2-C286-412D-ADE1-F6796B7083DE}.Release|Any CPU.ActiveCfg = Release|Any CPU
		{5C2B23E2-C286-412D-ADE1-F6796B7083DE}.Release|Any CPU.Build.0 = Release|Any CPU
		{5C2B23E2-C286-412D-ADE1-F6796B7083DE}.Release|x64.ActiveCfg = Release|Any CPU
		{5C2B23E2-C286-412D-ADE1-F6796B7083DE}.Release|x64.Build.0 = Release|Any CPU
		{5C2B23E2-C286-412D-ADE1-F6796B7083DE}.Release|x86.ActiveCfg = Release|Any CPU
		{5C2B23E2-C286-412D-ADE1-F6796B7083DE}.Release|x86.Build.0 = Release|Any CPU
		{50E14C9A-3C2F-4A51-971F-6143952D0F1C}.Debug|Any CPU.ActiveCfg = Debug|Any CPU
		{50E14C9A-3C2F-4A51-971F-6143952D0F1C}.Debug|Any CPU.Build.0 = Debug|Any CPU
		{50E14C9A-3C2F-4A51-971F-6143952D0F1C}.Debug|x64.ActiveCfg = Debug|Any CPU
		{50E14C9A-3C2F-4A51-971F-6143952D0F1C}.Debug|x64.Build.0 = Debug|Any CPU
		{50E14C9A-3C2F-4A51-971F-6143952D0F1C}.Debug|x86.ActiveCfg = Debug|Any CPU
		{50E14C9A-3C2F-4A51-971F-6143952D0F1C}.Debug|x86.Build.0 = Debug|Any CPU
		{50E14C9A-3C2F-4A51-971F-6143952D0F1C}.ReleaseMono|Any CPU.ActiveCfg = Release|Any CPU
		{50E14C9A-3C2F-4A51-971F-6143952D0F1C}.ReleaseMono|Any CPU.Build.0 = Release|Any CPU
		{50E14C9A-3C2F-4A51-971F-6143952D0F1C}.ReleaseMono|x64.ActiveCfg = Release|Any CPU
		{50E14C9A-3C2F-4A51-971F-6143952D0F1C}.ReleaseMono|x64.Build.0 = Release|Any CPU
		{50E14C9A-3C2F-4A51-971F-6143952D0F1C}.ReleaseMono|x86.ActiveCfg = Release|Any CPU
		{50E14C9A-3C2F-4A51-971F-6143952D0F1C}.ReleaseMono|x86.Build.0 = Release|Any CPU
		{50E14C9A-3C2F-4A51-971F-6143952D0F1C}.Release|Any CPU.ActiveCfg = Release|Any CPU
		{50E14C9A-3C2F-4A51-971F-6143952D0F1C}.Release|Any CPU.Build.0 = Release|Any CPU
		{50E14C9A-3C2F-4A51-971F-6143952D0F1C}.Release|x64.ActiveCfg = Release|Any CPU
		{50E14C9A-3C2F-4A51-971F-6143952D0F1C}.Release|x64.Build.0 = Release|Any CPU
		{50E14C9A-3C2F-4A51-971F-6143952D0F1C}.Release|x86.ActiveCfg = Release|Any CPU
		{50E14C9A-3C2F-4A51-971F-6143952D0F1C}.Release|x86.Build.0 = Release|Any CPU
		{3BA7D9BE-EBBF-432E-9880-0E2D2C17FCF8}.Debug|Any CPU.ActiveCfg = Debug|Any CPU
		{3BA7D9BE-EBBF-432E-9880-0E2D2C17FCF8}.Debug|Any CPU.Build.0 = Debug|Any CPU
		{3BA7D9BE-EBBF-432E-9880-0E2D2C17FCF8}.Debug|x64.ActiveCfg = Debug|Any CPU
		{3BA7D9BE-EBBF-432E-9880-0E2D2C17FCF8}.Debug|x64.Build.0 = Debug|Any CPU
		{3BA7D9BE-EBBF-432E-9880-0E2D2C17FCF8}.Debug|x86.ActiveCfg = Debug|Any CPU
		{3BA7D9BE-EBBF-432E-9880-0E2D2C17FCF8}.Debug|x86.Build.0 = Debug|Any CPU
		{3BA7D9BE-EBBF-432E-9880-0E2D2C17FCF8}.ReleaseMono|Any CPU.ActiveCfg = Release|Any CPU
		{3BA7D9BE-EBBF-432E-9880-0E2D2C17FCF8}.ReleaseMono|Any CPU.Build.0 = Release|Any CPU
		{3BA7D9BE-EBBF-432E-9880-0E2D2C17FCF8}.ReleaseMono|x64.ActiveCfg = Release|Any CPU
		{3BA7D9BE-EBBF-432E-9880-0E2D2C17FCF8}.ReleaseMono|x64.Build.0 = Release|Any CPU
		{3BA7D9BE-EBBF-432E-9880-0E2D2C17FCF8}.ReleaseMono|x86.ActiveCfg = Release|Any CPU
		{3BA7D9BE-EBBF-432E-9880-0E2D2C17FCF8}.ReleaseMono|x86.Build.0 = Release|Any CPU
		{3BA7D9BE-EBBF-432E-9880-0E2D2C17FCF8}.Release|Any CPU.ActiveCfg = Release|Any CPU
		{3BA7D9BE-EBBF-432E-9880-0E2D2C17FCF8}.Release|Any CPU.Build.0 = Release|Any CPU
		{3BA7D9BE-EBBF-432E-9880-0E2D2C17FCF8}.Release|x64.ActiveCfg = Release|Any CPU
		{3BA7D9BE-EBBF-432E-9880-0E2D2C17FCF8}.Release|x64.Build.0 = Release|Any CPU
		{3BA7D9BE-EBBF-432E-9880-0E2D2C17FCF8}.Release|x86.ActiveCfg = Release|Any CPU
		{3BA7D9BE-EBBF-432E-9880-0E2D2C17FCF8}.Release|x86.Build.0 = Release|Any CPU
		{E010FB5E-0D68-4AF7-B632-5DB6B902F158}.Debug|Any CPU.ActiveCfg = Debug|Any CPU
		{E010FB5E-0D68-4AF7-B632-5DB6B902F158}.Debug|Any CPU.Build.0 = Debug|Any CPU
		{E010FB5E-0D68-4AF7-B632-5DB6B902F158}.Debug|x64.ActiveCfg = Debug|Any CPU
		{E010FB5E-0D68-4AF7-B632-5DB6B902F158}.Debug|x64.Build.0 = Debug|Any CPU
		{E010FB5E-0D68-4AF7-B632-5DB6B902F158}.Debug|x86.ActiveCfg = Debug|Any CPU
		{E010FB5E-0D68-4AF7-B632-5DB6B902F158}.Debug|x86.Build.0 = Debug|Any CPU
		{E010FB5E-0D68-4AF7-B632-5DB6B902F158}.ReleaseMono|Any CPU.ActiveCfg = Release|Any CPU
		{E010FB5E-0D68-4AF7-B632-5DB6B902F158}.ReleaseMono|Any CPU.Build.0 = Release|Any CPU
		{E010FB5E-0D68-4AF7-B632-5DB6B902F158}.ReleaseMono|x64.ActiveCfg = Release|Any CPU
		{E010FB5E-0D68-4AF7-B632-5DB6B902F158}.ReleaseMono|x64.Build.0 = Release|Any CPU
		{E010FB5E-0D68-4AF7-B632-5DB6B902F158}.ReleaseMono|x86.ActiveCfg = Release|Any CPU
		{E010FB5E-0D68-4AF7-B632-5DB6B902F158}.ReleaseMono|x86.Build.0 = Release|Any CPU
		{E010FB5E-0D68-4AF7-B632-5DB6B902F158}.Release|Any CPU.ActiveCfg = Release|Any CPU
		{E010FB5E-0D68-4AF7-B632-5DB6B902F158}.Release|Any CPU.Build.0 = Release|Any CPU
		{E010FB5E-0D68-4AF7-B632-5DB6B902F158}.Release|x64.ActiveCfg = Release|Any CPU
		{E010FB5E-0D68-4AF7-B632-5DB6B902F158}.Release|x64.Build.0 = Release|Any CPU
		{E010FB5E-0D68-4AF7-B632-5DB6B902F158}.Release|x86.ActiveCfg = Release|Any CPU
		{E010FB5E-0D68-4AF7-B632-5DB6B902F158}.Release|x86.Build.0 = Release|Any CPU
		{A5DE942D-912D-4012-8493-1E958E5445F4}.Debug|Any CPU.ActiveCfg = Debug|Any CPU
		{A5DE942D-912D-4012-8493-1E958E5445F4}.Debug|Any CPU.Build.0 = Debug|Any CPU
		{A5DE942D-912D-4012-8493-1E958E5445F4}.Debug|x64.ActiveCfg = Debug|Any CPU
		{A5DE942D-912D-4012-8493-1E958E5445F4}.Debug|x64.Build.0 = Debug|Any CPU
		{A5DE942D-912D-4012-8493-1E958E5445F4}.Debug|x86.ActiveCfg = Debug|Any CPU
		{A5DE942D-912D-4012-8493-1E958E5445F4}.Debug|x86.Build.0 = Debug|Any CPU
		{A5DE942D-912D-4012-8493-1E958E5445F4}.ReleaseMono|Any CPU.ActiveCfg = Release|Any CPU
		{A5DE942D-912D-4012-8493-1E958E5445F4}.ReleaseMono|Any CPU.Build.0 = Release|Any CPU
		{A5DE942D-912D-4012-8493-1E958E5445F4}.ReleaseMono|x64.ActiveCfg = Release|Any CPU
		{A5DE942D-912D-4012-8493-1E958E5445F4}.ReleaseMono|x64.Build.0 = Release|Any CPU
		{A5DE942D-912D-4012-8493-1E958E5445F4}.ReleaseMono|x86.ActiveCfg = Release|Any CPU
		{A5DE942D-912D-4012-8493-1E958E5445F4}.ReleaseMono|x86.Build.0 = Release|Any CPU
		{A5DE942D-912D-4012-8493-1E958E5445F4}.Release|Any CPU.ActiveCfg = Release|Any CPU
		{A5DE942D-912D-4012-8493-1E958E5445F4}.Release|Any CPU.Build.0 = Release|Any CPU
		{A5DE942D-912D-4012-8493-1E958E5445F4}.Release|x64.ActiveCfg = Release|Any CPU
		{A5DE942D-912D-4012-8493-1E958E5445F4}.Release|x64.Build.0 = Release|Any CPU
		{A5DE942D-912D-4012-8493-1E958E5445F4}.Release|x86.ActiveCfg = Release|Any CPU
		{A5DE942D-912D-4012-8493-1E958E5445F4}.Release|x86.Build.0 = Release|Any CPU
		{ADCBBAC0-0A87-45B7-BD31-314F136F74D4}.Debug|Any CPU.ActiveCfg = Debug|Any CPU
		{ADCBBAC0-0A87-45B7-BD31-314F136F74D4}.Debug|Any CPU.Build.0 = Debug|Any CPU
		{ADCBBAC0-0A87-45B7-BD31-314F136F74D4}.Debug|x64.ActiveCfg = Debug|Any CPU
		{ADCBBAC0-0A87-45B7-BD31-314F136F74D4}.Debug|x64.Build.0 = Debug|Any CPU
		{ADCBBAC0-0A87-45B7-BD31-314F136F74D4}.Debug|x86.ActiveCfg = Debug|Any CPU
		{ADCBBAC0-0A87-45B7-BD31-314F136F74D4}.Debug|x86.Build.0 = Debug|Any CPU
		{ADCBBAC0-0A87-45B7-BD31-314F136F74D4}.ReleaseMono|Any CPU.ActiveCfg = Release|Any CPU
		{ADCBBAC0-0A87-45B7-BD31-314F136F74D4}.ReleaseMono|Any CPU.Build.0 = Release|Any CPU
		{ADCBBAC0-0A87-45B7-BD31-314F136F74D4}.ReleaseMono|x64.ActiveCfg = Release|Any CPU
		{ADCBBAC0-0A87-45B7-BD31-314F136F74D4}.ReleaseMono|x64.Build.0 = Release|Any CPU
		{ADCBBAC0-0A87-45B7-BD31-314F136F74D4}.ReleaseMono|x86.ActiveCfg = Release|Any CPU
		{ADCBBAC0-0A87-45B7-BD31-314F136F74D4}.ReleaseMono|x86.Build.0 = Release|Any CPU
		{ADCBBAC0-0A87-45B7-BD31-314F136F74D4}.Release|Any CPU.ActiveCfg = Release|Any CPU
		{ADCBBAC0-0A87-45B7-BD31-314F136F74D4}.Release|Any CPU.Build.0 = Release|Any CPU
		{ADCBBAC0-0A87-45B7-BD31-314F136F74D4}.Release|x64.ActiveCfg = Release|Any CPU
		{ADCBBAC0-0A87-45B7-BD31-314F136F74D4}.Release|x64.Build.0 = Release|Any CPU
		{ADCBBAC0-0A87-45B7-BD31-314F136F74D4}.Release|x86.ActiveCfg = Release|Any CPU
		{ADCBBAC0-0A87-45B7-BD31-314F136F74D4}.Release|x86.Build.0 = Release|Any CPU
		{A216C2F0-A9A6-4D7F-BF65-127EB80EA6A7}.Debug|Any CPU.ActiveCfg = Debug|Any CPU
		{A216C2F0-A9A6-4D7F-BF65-127EB80EA6A7}.Debug|Any CPU.Build.0 = Debug|Any CPU
		{A216C2F0-A9A6-4D7F-BF65-127EB80EA6A7}.Debug|x64.ActiveCfg = Debug|Any CPU
		{A216C2F0-A9A6-4D7F-BF65-127EB80EA6A7}.Debug|x64.Build.0 = Debug|Any CPU
		{A216C2F0-A9A6-4D7F-BF65-127EB80EA6A7}.Debug|x86.ActiveCfg = Debug|Any CPU
		{A216C2F0-A9A6-4D7F-BF65-127EB80EA6A7}.Debug|x86.Build.0 = Debug|Any CPU
		{A216C2F0-A9A6-4D7F-BF65-127EB80EA6A7}.ReleaseMono|Any CPU.ActiveCfg = Release|Any CPU
		{A216C2F0-A9A6-4D7F-BF65-127EB80EA6A7}.ReleaseMono|Any CPU.Build.0 = Release|Any CPU
		{A216C2F0-A9A6-4D7F-BF65-127EB80EA6A7}.ReleaseMono|x64.ActiveCfg = Release|Any CPU
		{A216C2F0-A9A6-4D7F-BF65-127EB80EA6A7}.ReleaseMono|x64.Build.0 = Release|Any CPU
		{A216C2F0-A9A6-4D7F-BF65-127EB80EA6A7}.ReleaseMono|x86.ActiveCfg = Release|Any CPU
		{A216C2F0-A9A6-4D7F-BF65-127EB80EA6A7}.ReleaseMono|x86.Build.0 = Release|Any CPU
		{A216C2F0-A9A6-4D7F-BF65-127EB80EA6A7}.Release|Any CPU.ActiveCfg = Release|Any CPU
		{A216C2F0-A9A6-4D7F-BF65-127EB80EA6A7}.Release|Any CPU.Build.0 = Release|Any CPU
		{A216C2F0-A9A6-4D7F-BF65-127EB80EA6A7}.Release|x64.ActiveCfg = Release|Any CPU
		{A216C2F0-A9A6-4D7F-BF65-127EB80EA6A7}.Release|x64.Build.0 = Release|Any CPU
		{A216C2F0-A9A6-4D7F-BF65-127EB80EA6A7}.Release|x86.ActiveCfg = Release|Any CPU
		{A216C2F0-A9A6-4D7F-BF65-127EB80EA6A7}.Release|x86.Build.0 = Release|Any CPU
		{5CEE1B93-3936-4E32-A414-522DCDCA26BB}.Debug|Any CPU.ActiveCfg = Debug|Any CPU
		{5CEE1B93-3936-4E32-A414-522DCDCA26BB}.Debug|Any CPU.Build.0 = Debug|Any CPU
		{5CEE1B93-3936-4E32-A414-522DCDCA26BB}.Debug|x64.ActiveCfg = Debug|Any CPU
		{5CEE1B93-3936-4E32-A414-522DCDCA26BB}.Debug|x64.Build.0 = Debug|Any CPU
		{5CEE1B93-3936-4E32-A414-522DCDCA26BB}.Debug|x86.ActiveCfg = Debug|Any CPU
		{5CEE1B93-3936-4E32-A414-522DCDCA26BB}.Debug|x86.Build.0 = Debug|Any CPU
		{5CEE1B93-3936-4E32-A414-522DCDCA26BB}.ReleaseMono|Any CPU.ActiveCfg = Release|Any CPU
		{5CEE1B93-3936-4E32-A414-522DCDCA26BB}.ReleaseMono|Any CPU.Build.0 = Release|Any CPU
		{5CEE1B93-3936-4E32-A414-522DCDCA26BB}.ReleaseMono|x64.ActiveCfg = Release|Any CPU
		{5CEE1B93-3936-4E32-A414-522DCDCA26BB}.ReleaseMono|x64.Build.0 = Release|Any CPU
		{5CEE1B93-3936-4E32-A414-522DCDCA26BB}.ReleaseMono|x86.ActiveCfg = Release|Any CPU
		{5CEE1B93-3936-4E32-A414-522DCDCA26BB}.ReleaseMono|x86.Build.0 = Release|Any CPU
		{5CEE1B93-3936-4E32-A414-522DCDCA26BB}.Release|Any CPU.ActiveCfg = Release|Any CPU
		{5CEE1B93-3936-4E32-A414-522DCDCA26BB}.Release|Any CPU.Build.0 = Release|Any CPU
		{5CEE1B93-3936-4E32-A414-522DCDCA26BB}.Release|x64.ActiveCfg = Release|Any CPU
		{5CEE1B93-3936-4E32-A414-522DCDCA26BB}.Release|x64.Build.0 = Release|Any CPU
		{5CEE1B93-3936-4E32-A414-522DCDCA26BB}.Release|x86.ActiveCfg = Release|Any CPU
		{5CEE1B93-3936-4E32-A414-522DCDCA26BB}.Release|x86.Build.0 = Release|Any CPU
		{B48782B9-6FA9-4D18-8564-1849FF4CF40E}.Debug|Any CPU.ActiveCfg = Debug|Any CPU
		{B48782B9-6FA9-4D18-8564-1849FF4CF40E}.Debug|Any CPU.Build.0 = Debug|Any CPU
		{B48782B9-6FA9-4D18-8564-1849FF4CF40E}.Debug|x64.ActiveCfg = Debug|Any CPU
		{B48782B9-6FA9-4D18-8564-1849FF4CF40E}.Debug|x64.Build.0 = Debug|Any CPU
		{B48782B9-6FA9-4D18-8564-1849FF4CF40E}.Debug|x86.ActiveCfg = Debug|Any CPU
		{B48782B9-6FA9-4D18-8564-1849FF4CF40E}.Debug|x86.Build.0 = Debug|Any CPU
		{B48782B9-6FA9-4D18-8564-1849FF4CF40E}.ReleaseMono|Any CPU.ActiveCfg = Release|Any CPU
		{B48782B9-6FA9-4D18-8564-1849FF4CF40E}.ReleaseMono|Any CPU.Build.0 = Release|Any CPU
		{B48782B9-6FA9-4D18-8564-1849FF4CF40E}.ReleaseMono|x64.ActiveCfg = Release|Any CPU
		{B48782B9-6FA9-4D18-8564-1849FF4CF40E}.ReleaseMono|x64.Build.0 = Release|Any CPU
		{B48782B9-6FA9-4D18-8564-1849FF4CF40E}.ReleaseMono|x86.ActiveCfg = Release|Any CPU
		{B48782B9-6FA9-4D18-8564-1849FF4CF40E}.ReleaseMono|x86.Build.0 = Release|Any CPU
		{B48782B9-6FA9-4D18-8564-1849FF4CF40E}.Release|Any CPU.ActiveCfg = Release|Any CPU
		{B48782B9-6FA9-4D18-8564-1849FF4CF40E}.Release|Any CPU.Build.0 = Release|Any CPU
		{B48782B9-6FA9-4D18-8564-1849FF4CF40E}.Release|x64.ActiveCfg = Release|Any CPU
		{B48782B9-6FA9-4D18-8564-1849FF4CF40E}.Release|x64.Build.0 = Release|Any CPU
		{B48782B9-6FA9-4D18-8564-1849FF4CF40E}.Release|x86.ActiveCfg = Release|Any CPU
		{B48782B9-6FA9-4D18-8564-1849FF4CF40E}.Release|x86.Build.0 = Release|Any CPU
		{B41C8F1C-5BD2-43B9-A3CC-FC03DFE04E23}.Debug|Any CPU.ActiveCfg = Debug|Any CPU
		{B41C8F1C-5BD2-43B9-A3CC-FC03DFE04E23}.Debug|Any CPU.Build.0 = Debug|Any CPU
		{B41C8F1C-5BD2-43B9-A3CC-FC03DFE04E23}.Debug|x64.ActiveCfg = Debug|Any CPU
		{B41C8F1C-5BD2-43B9-A3CC-FC03DFE04E23}.Debug|x64.Build.0 = Debug|Any CPU
		{B41C8F1C-5BD2-43B9-A3CC-FC03DFE04E23}.Debug|x86.ActiveCfg = Debug|Any CPU
		{B41C8F1C-5BD2-43B9-A3CC-FC03DFE04E23}.Debug|x86.Build.0 = Debug|Any CPU
		{B41C8F1C-5BD2-43B9-A3CC-FC03DFE04E23}.ReleaseMono|Any CPU.ActiveCfg = Release|Any CPU
		{B41C8F1C-5BD2-43B9-A3CC-FC03DFE04E23}.ReleaseMono|x64.ActiveCfg = Release|Any CPU
		{B41C8F1C-5BD2-43B9-A3CC-FC03DFE04E23}.ReleaseMono|x86.ActiveCfg = Release|Any CPU
		{B41C8F1C-5BD2-43B9-A3CC-FC03DFE04E23}.Release|Any CPU.ActiveCfg = Release|Any CPU
		{B41C8F1C-5BD2-43B9-A3CC-FC03DFE04E23}.Release|Any CPU.Build.0 = Release|Any CPU
		{B41C8F1C-5BD2-43B9-A3CC-FC03DFE04E23}.Release|x64.ActiveCfg = Release|Any CPU
		{B41C8F1C-5BD2-43B9-A3CC-FC03DFE04E23}.Release|x64.Build.0 = Release|Any CPU
		{B41C8F1C-5BD2-43B9-A3CC-FC03DFE04E23}.Release|x86.ActiveCfg = Release|Any CPU
		{B41C8F1C-5BD2-43B9-A3CC-FC03DFE04E23}.Release|x86.Build.0 = Release|Any CPU
		{BEDBC0F8-AD0A-44C3-9A53-C8EC4E631AF4}.Debug|Any CPU.ActiveCfg = Debug|Any CPU
		{BEDBC0F8-AD0A-44C3-9A53-C8EC4E631AF4}.Debug|Any CPU.Build.0 = Debug|Any CPU
		{BEDBC0F8-AD0A-44C3-9A53-C8EC4E631AF4}.Debug|x64.ActiveCfg = Debug|Any CPU
		{BEDBC0F8-AD0A-44C3-9A53-C8EC4E631AF4}.Debug|x64.Build.0 = Debug|Any CPU
		{BEDBC0F8-AD0A-44C3-9A53-C8EC4E631AF4}.Debug|x86.ActiveCfg = Debug|Any CPU
		{BEDBC0F8-AD0A-44C3-9A53-C8EC4E631AF4}.Debug|x86.Build.0 = Debug|Any CPU
		{BEDBC0F8-AD0A-44C3-9A53-C8EC4E631AF4}.ReleaseMono|Any CPU.ActiveCfg = Release|Any CPU
		{BEDBC0F8-AD0A-44C3-9A53-C8EC4E631AF4}.ReleaseMono|x64.ActiveCfg = Release|Any CPU
		{BEDBC0F8-AD0A-44C3-9A53-C8EC4E631AF4}.ReleaseMono|x86.ActiveCfg = Release|Any CPU
		{BEDBC0F8-AD0A-44C3-9A53-C8EC4E631AF4}.Release|Any CPU.ActiveCfg = Release|Any CPU
		{BEDBC0F8-AD0A-44C3-9A53-C8EC4E631AF4}.Release|Any CPU.Build.0 = Release|Any CPU
		{BEDBC0F8-AD0A-44C3-9A53-C8EC4E631AF4}.Release|x64.ActiveCfg = Release|Any CPU
		{BEDBC0F8-AD0A-44C3-9A53-C8EC4E631AF4}.Release|x64.Build.0 = Release|Any CPU
		{BEDBC0F8-AD0A-44C3-9A53-C8EC4E631AF4}.Release|x86.ActiveCfg = Release|Any CPU
		{BEDBC0F8-AD0A-44C3-9A53-C8EC4E631AF4}.Release|x86.Build.0 = Release|Any CPU
		{48A7AC8E-2CB5-403B-8A18-11F493079619}.Debug|Any CPU.ActiveCfg = Debug|Any CPU
		{48A7AC8E-2CB5-403B-8A18-11F493079619}.Debug|Any CPU.Build.0 = Debug|Any CPU
		{48A7AC8E-2CB5-403B-8A18-11F493079619}.Debug|x64.ActiveCfg = Debug|Any CPU
		{48A7AC8E-2CB5-403B-8A18-11F493079619}.Debug|x64.Build.0 = Debug|Any CPU
		{48A7AC8E-2CB5-403B-8A18-11F493079619}.Debug|x86.ActiveCfg = Debug|Any CPU
		{48A7AC8E-2CB5-403B-8A18-11F493079619}.Debug|x86.Build.0 = Debug|Any CPU
		{48A7AC8E-2CB5-403B-8A18-11F493079619}.ReleaseMono|Any CPU.ActiveCfg = Release|Any CPU
		{48A7AC8E-2CB5-403B-8A18-11F493079619}.ReleaseMono|x64.ActiveCfg = Release|Any CPU
		{48A7AC8E-2CB5-403B-8A18-11F493079619}.ReleaseMono|x86.ActiveCfg = Release|Any CPU
		{48A7AC8E-2CB5-403B-8A18-11F493079619}.Release|Any CPU.ActiveCfg = Release|Any CPU
		{48A7AC8E-2CB5-403B-8A18-11F493079619}.Release|Any CPU.Build.0 = Release|Any CPU
		{48A7AC8E-2CB5-403B-8A18-11F493079619}.Release|x64.ActiveCfg = Release|Any CPU
		{48A7AC8E-2CB5-403B-8A18-11F493079619}.Release|x64.Build.0 = Release|Any CPU
		{48A7AC8E-2CB5-403B-8A18-11F493079619}.Release|x86.ActiveCfg = Release|Any CPU
		{48A7AC8E-2CB5-403B-8A18-11F493079619}.Release|x86.Build.0 = Release|Any CPU
		{B3170309-55AB-462C-9100-D77107799E82}.Debug|Any CPU.ActiveCfg = Debug|Any CPU
		{B3170309-55AB-462C-9100-D77107799E82}.Debug|Any CPU.Build.0 = Debug|Any CPU
		{B3170309-55AB-462C-9100-D77107799E82}.Debug|x64.ActiveCfg = Debug|Any CPU
		{B3170309-55AB-462C-9100-D77107799E82}.Debug|x64.Build.0 = Debug|Any CPU
		{B3170309-55AB-462C-9100-D77107799E82}.Debug|x86.ActiveCfg = Debug|Any CPU
		{B3170309-55AB-462C-9100-D77107799E82}.Debug|x86.Build.0 = Debug|Any CPU
		{B3170309-55AB-462C-9100-D77107799E82}.ReleaseMono|Any CPU.ActiveCfg = Release|Any CPU
		{B3170309-55AB-462C-9100-D77107799E82}.ReleaseMono|Any CPU.Build.0 = Release|Any CPU
		{B3170309-55AB-462C-9100-D77107799E82}.ReleaseMono|x64.ActiveCfg = Release|Any CPU
		{B3170309-55AB-462C-9100-D77107799E82}.ReleaseMono|x64.Build.0 = Release|Any CPU
		{B3170309-55AB-462C-9100-D77107799E82}.ReleaseMono|x86.ActiveCfg = Release|Any CPU
		{B3170309-55AB-462C-9100-D77107799E82}.ReleaseMono|x86.Build.0 = Release|Any CPU
		{B3170309-55AB-462C-9100-D77107799E82}.Release|Any CPU.ActiveCfg = Release|Any CPU
		{B3170309-55AB-462C-9100-D77107799E82}.Release|Any CPU.Build.0 = Release|Any CPU
		{B3170309-55AB-462C-9100-D77107799E82}.Release|x64.ActiveCfg = Release|Any CPU
		{B3170309-55AB-462C-9100-D77107799E82}.Release|x64.Build.0 = Release|Any CPU
		{B3170309-55AB-462C-9100-D77107799E82}.Release|x86.ActiveCfg = Release|Any CPU
		{B3170309-55AB-462C-9100-D77107799E82}.Release|x86.Build.0 = Release|Any CPU
		{A43E44E5-F9C1-44BD-A593-419EC113117B}.Debug|Any CPU.ActiveCfg = Debug|Any CPU
		{A43E44E5-F9C1-44BD-A593-419EC113117B}.Debug|Any CPU.Build.0 = Debug|Any CPU
		{A43E44E5-F9C1-44BD-A593-419EC113117B}.Debug|x64.ActiveCfg = Debug|Any CPU
		{A43E44E5-F9C1-44BD-A593-419EC113117B}.Debug|x64.Build.0 = Debug|Any CPU
		{A43E44E5-F9C1-44BD-A593-419EC113117B}.Debug|x86.ActiveCfg = Debug|Any CPU
		{A43E44E5-F9C1-44BD-A593-419EC113117B}.Debug|x86.Build.0 = Debug|Any CPU
		{A43E44E5-F9C1-44BD-A593-419EC113117B}.ReleaseMono|Any CPU.ActiveCfg = Release|Any CPU
		{A43E44E5-F9C1-44BD-A593-419EC113117B}.ReleaseMono|Any CPU.Build.0 = Release|Any CPU
		{A43E44E5-F9C1-44BD-A593-419EC113117B}.ReleaseMono|x64.ActiveCfg = Release|Any CPU
		{A43E44E5-F9C1-44BD-A593-419EC113117B}.ReleaseMono|x64.Build.0 = Release|Any CPU
		{A43E44E5-F9C1-44BD-A593-419EC113117B}.ReleaseMono|x86.ActiveCfg = Release|Any CPU
		{A43E44E5-F9C1-44BD-A593-419EC113117B}.ReleaseMono|x86.Build.0 = Release|Any CPU
		{A43E44E5-F9C1-44BD-A593-419EC113117B}.Release|Any CPU.ActiveCfg = Release|Any CPU
		{A43E44E5-F9C1-44BD-A593-419EC113117B}.Release|Any CPU.Build.0 = Release|Any CPU
		{A43E44E5-F9C1-44BD-A593-419EC113117B}.Release|x64.ActiveCfg = Release|Any CPU
		{A43E44E5-F9C1-44BD-A593-419EC113117B}.Release|x64.Build.0 = Release|Any CPU
		{A43E44E5-F9C1-44BD-A593-419EC113117B}.Release|x86.ActiveCfg = Release|Any CPU
		{A43E44E5-F9C1-44BD-A593-419EC113117B}.Release|x86.Build.0 = Release|Any CPU
		{2E17A091-DC29-41FB-ABC8-767BD75FFB07}.Debug|Any CPU.ActiveCfg = Debug|Any CPU
		{2E17A091-DC29-41FB-ABC8-767BD75FFB07}.Debug|Any CPU.Build.0 = Debug|Any CPU
		{2E17A091-DC29-41FB-ABC8-767BD75FFB07}.Debug|x64.ActiveCfg = Debug|Any CPU
		{2E17A091-DC29-41FB-ABC8-767BD75FFB07}.Debug|x64.Build.0 = Debug|Any CPU
		{2E17A091-DC29-41FB-ABC8-767BD75FFB07}.Debug|x86.ActiveCfg = Debug|Any CPU
		{2E17A091-DC29-41FB-ABC8-767BD75FFB07}.Debug|x86.Build.0 = Debug|Any CPU
		{2E17A091-DC29-41FB-ABC8-767BD75FFB07}.ReleaseMono|Any CPU.ActiveCfg = Release|Any CPU
		{2E17A091-DC29-41FB-ABC8-767BD75FFB07}.ReleaseMono|Any CPU.Build.0 = Release|Any CPU
		{2E17A091-DC29-41FB-ABC8-767BD75FFB07}.ReleaseMono|x64.ActiveCfg = Release|Any CPU
		{2E17A091-DC29-41FB-ABC8-767BD75FFB07}.ReleaseMono|x64.Build.0 = Release|Any CPU
		{2E17A091-DC29-41FB-ABC8-767BD75FFB07}.ReleaseMono|x86.ActiveCfg = Release|Any CPU
		{2E17A091-DC29-41FB-ABC8-767BD75FFB07}.ReleaseMono|x86.Build.0 = Release|Any CPU
		{2E17A091-DC29-41FB-ABC8-767BD75FFB07}.Release|Any CPU.ActiveCfg = Release|Any CPU
		{2E17A091-DC29-41FB-ABC8-767BD75FFB07}.Release|Any CPU.Build.0 = Release|Any CPU
		{2E17A091-DC29-41FB-ABC8-767BD75FFB07}.Release|x64.ActiveCfg = Release|Any CPU
		{2E17A091-DC29-41FB-ABC8-767BD75FFB07}.Release|x64.Build.0 = Release|Any CPU
		{2E17A091-DC29-41FB-ABC8-767BD75FFB07}.Release|x86.ActiveCfg = Release|Any CPU
		{2E17A091-DC29-41FB-ABC8-767BD75FFB07}.Release|x86.Build.0 = Release|Any CPU
		{6D7A63C9-16AB-4B7E-B9C0-0956E1E02610}.Debug|Any CPU.ActiveCfg = Debug|Any CPU
		{6D7A63C9-16AB-4B7E-B9C0-0956E1E02610}.Debug|Any CPU.Build.0 = Debug|Any CPU
		{6D7A63C9-16AB-4B7E-B9C0-0956E1E02610}.Debug|x64.ActiveCfg = Debug|Any CPU
		{6D7A63C9-16AB-4B7E-B9C0-0956E1E02610}.Debug|x64.Build.0 = Debug|Any CPU
		{6D7A63C9-16AB-4B7E-B9C0-0956E1E02610}.Debug|x86.ActiveCfg = Debug|Any CPU
		{6D7A63C9-16AB-4B7E-B9C0-0956E1E02610}.Debug|x86.Build.0 = Debug|Any CPU
		{6D7A63C9-16AB-4B7E-B9C0-0956E1E02610}.ReleaseMono|Any CPU.ActiveCfg = Release|Any CPU
		{6D7A63C9-16AB-4B7E-B9C0-0956E1E02610}.ReleaseMono|Any CPU.Build.0 = Release|Any CPU
		{6D7A63C9-16AB-4B7E-B9C0-0956E1E02610}.ReleaseMono|x64.ActiveCfg = Release|Any CPU
		{6D7A63C9-16AB-4B7E-B9C0-0956E1E02610}.ReleaseMono|x64.Build.0 = Release|Any CPU
		{6D7A63C9-16AB-4B7E-B9C0-0956E1E02610}.ReleaseMono|x86.ActiveCfg = Release|Any CPU
		{6D7A63C9-16AB-4B7E-B9C0-0956E1E02610}.ReleaseMono|x86.Build.0 = Release|Any CPU
		{6D7A63C9-16AB-4B7E-B9C0-0956E1E02610}.Release|Any CPU.ActiveCfg = Release|Any CPU
		{6D7A63C9-16AB-4B7E-B9C0-0956E1E02610}.Release|Any CPU.Build.0 = Release|Any CPU
		{6D7A63C9-16AB-4B7E-B9C0-0956E1E02610}.Release|x64.ActiveCfg = Release|Any CPU
		{6D7A63C9-16AB-4B7E-B9C0-0956E1E02610}.Release|x64.Build.0 = Release|Any CPU
		{6D7A63C9-16AB-4B7E-B9C0-0956E1E02610}.Release|x86.ActiveCfg = Release|Any CPU
		{6D7A63C9-16AB-4B7E-B9C0-0956E1E02610}.Release|x86.Build.0 = Release|Any CPU
		{9F88C871-CB37-4A88-BACF-540AC253C202}.Debug|Any CPU.ActiveCfg = Debug|Any CPU
		{9F88C871-CB37-4A88-BACF-540AC253C202}.Debug|Any CPU.Build.0 = Debug|Any CPU
		{9F88C871-CB37-4A88-BACF-540AC253C202}.Debug|x64.ActiveCfg = Debug|Any CPU
		{9F88C871-CB37-4A88-BACF-540AC253C202}.Debug|x64.Build.0 = Debug|Any CPU
		{9F88C871-CB37-4A88-BACF-540AC253C202}.Debug|x86.ActiveCfg = Debug|Any CPU
		{9F88C871-CB37-4A88-BACF-540AC253C202}.Debug|x86.Build.0 = Debug|Any CPU
		{9F88C871-CB37-4A88-BACF-540AC253C202}.ReleaseMono|Any CPU.ActiveCfg = Debug|Any CPU
		{9F88C871-CB37-4A88-BACF-540AC253C202}.ReleaseMono|Any CPU.Build.0 = Debug|Any CPU
		{9F88C871-CB37-4A88-BACF-540AC253C202}.ReleaseMono|x64.ActiveCfg = Debug|Any CPU
		{9F88C871-CB37-4A88-BACF-540AC253C202}.ReleaseMono|x64.Build.0 = Debug|Any CPU
		{9F88C871-CB37-4A88-BACF-540AC253C202}.ReleaseMono|x86.ActiveCfg = Debug|Any CPU
		{9F88C871-CB37-4A88-BACF-540AC253C202}.ReleaseMono|x86.Build.0 = Debug|Any CPU
		{9F88C871-CB37-4A88-BACF-540AC253C202}.Release|Any CPU.ActiveCfg = Release|Any CPU
		{9F88C871-CB37-4A88-BACF-540AC253C202}.Release|Any CPU.Build.0 = Release|Any CPU
		{9F88C871-CB37-4A88-BACF-540AC253C202}.Release|x64.ActiveCfg = Release|Any CPU
		{9F88C871-CB37-4A88-BACF-540AC253C202}.Release|x64.Build.0 = Release|Any CPU
		{9F88C871-CB37-4A88-BACF-540AC253C202}.Release|x86.ActiveCfg = Release|Any CPU
		{9F88C871-CB37-4A88-BACF-540AC253C202}.Release|x86.Build.0 = Release|Any CPU
		{B1A38DDE-5534-4625-A3F2-A585BA7A1198}.Debug|Any CPU.ActiveCfg = Debug|Any CPU
		{B1A38DDE-5534-4625-A3F2-A585BA7A1198}.Debug|Any CPU.Build.0 = Debug|Any CPU
		{B1A38DDE-5534-4625-A3F2-A585BA7A1198}.Debug|x64.ActiveCfg = Debug|Any CPU
		{B1A38DDE-5534-4625-A3F2-A585BA7A1198}.Debug|x64.Build.0 = Debug|Any CPU
		{B1A38DDE-5534-4625-A3F2-A585BA7A1198}.Debug|x86.ActiveCfg = Debug|Any CPU
		{B1A38DDE-5534-4625-A3F2-A585BA7A1198}.Debug|x86.Build.0 = Debug|Any CPU
		{B1A38DDE-5534-4625-A3F2-A585BA7A1198}.ReleaseMono|Any CPU.ActiveCfg = Debug|Any CPU
		{B1A38DDE-5534-4625-A3F2-A585BA7A1198}.ReleaseMono|Any CPU.Build.0 = Debug|Any CPU
		{B1A38DDE-5534-4625-A3F2-A585BA7A1198}.ReleaseMono|x64.ActiveCfg = Debug|Any CPU
		{B1A38DDE-5534-4625-A3F2-A585BA7A1198}.ReleaseMono|x64.Build.0 = Debug|Any CPU
		{B1A38DDE-5534-4625-A3F2-A585BA7A1198}.ReleaseMono|x86.ActiveCfg = Debug|Any CPU
		{B1A38DDE-5534-4625-A3F2-A585BA7A1198}.ReleaseMono|x86.Build.0 = Debug|Any CPU
		{B1A38DDE-5534-4625-A3F2-A585BA7A1198}.Release|Any CPU.ActiveCfg = Release|Any CPU
		{B1A38DDE-5534-4625-A3F2-A585BA7A1198}.Release|Any CPU.Build.0 = Release|Any CPU
		{B1A38DDE-5534-4625-A3F2-A585BA7A1198}.Release|x64.ActiveCfg = Release|Any CPU
		{B1A38DDE-5534-4625-A3F2-A585BA7A1198}.Release|x64.Build.0 = Release|Any CPU
		{B1A38DDE-5534-4625-A3F2-A585BA7A1198}.Release|x86.ActiveCfg = Release|Any CPU
		{B1A38DDE-5534-4625-A3F2-A585BA7A1198}.Release|x86.Build.0 = Release|Any CPU
		{8698E0C2-1A82-43E6-8A26-3D9A825CF574}.Debug|Any CPU.ActiveCfg = Debug|Any CPU
		{8698E0C2-1A82-43E6-8A26-3D9A825CF574}.Debug|Any CPU.Build.0 = Debug|Any CPU
		{8698E0C2-1A82-43E6-8A26-3D9A825CF574}.Debug|x64.ActiveCfg = Debug|Any CPU
		{8698E0C2-1A82-43E6-8A26-3D9A825CF574}.Debug|x64.Build.0 = Debug|Any CPU
		{8698E0C2-1A82-43E6-8A26-3D9A825CF574}.Debug|x86.ActiveCfg = Debug|Any CPU
		{8698E0C2-1A82-43E6-8A26-3D9A825CF574}.Debug|x86.Build.0 = Debug|Any CPU
		{8698E0C2-1A82-43E6-8A26-3D9A825CF574}.ReleaseMono|Any CPU.ActiveCfg = Debug|Any CPU
		{8698E0C2-1A82-43E6-8A26-3D9A825CF574}.ReleaseMono|Any CPU.Build.0 = Debug|Any CPU
		{8698E0C2-1A82-43E6-8A26-3D9A825CF574}.ReleaseMono|x64.ActiveCfg = Debug|Any CPU
		{8698E0C2-1A82-43E6-8A26-3D9A825CF574}.ReleaseMono|x64.Build.0 = Debug|Any CPU
		{8698E0C2-1A82-43E6-8A26-3D9A825CF574}.ReleaseMono|x86.ActiveCfg = Debug|Any CPU
		{8698E0C2-1A82-43E6-8A26-3D9A825CF574}.ReleaseMono|x86.Build.0 = Debug|Any CPU
		{8698E0C2-1A82-43E6-8A26-3D9A825CF574}.Release|Any CPU.ActiveCfg = Release|Any CPU
		{8698E0C2-1A82-43E6-8A26-3D9A825CF574}.Release|Any CPU.Build.0 = Release|Any CPU
		{8698E0C2-1A82-43E6-8A26-3D9A825CF574}.Release|x64.ActiveCfg = Release|Any CPU
		{8698E0C2-1A82-43E6-8A26-3D9A825CF574}.Release|x64.Build.0 = Release|Any CPU
		{8698E0C2-1A82-43E6-8A26-3D9A825CF574}.Release|x86.ActiveCfg = Release|Any CPU
		{8698E0C2-1A82-43E6-8A26-3D9A825CF574}.Release|x86.Build.0 = Release|Any CPU
		{F782BC86-9CE6-4F69-8F77-710A399CB54F}.Debug|Any CPU.ActiveCfg = Debug|Any CPU
		{F782BC86-9CE6-4F69-8F77-710A399CB54F}.Debug|Any CPU.Build.0 = Debug|Any CPU
		{F782BC86-9CE6-4F69-8F77-710A399CB54F}.Debug|x64.ActiveCfg = Debug|Any CPU
		{F782BC86-9CE6-4F69-8F77-710A399CB54F}.Debug|x64.Build.0 = Debug|Any CPU
		{F782BC86-9CE6-4F69-8F77-710A399CB54F}.Debug|x86.ActiveCfg = Debug|Any CPU
		{F782BC86-9CE6-4F69-8F77-710A399CB54F}.Debug|x86.Build.0 = Debug|Any CPU
		{F782BC86-9CE6-4F69-8F77-710A399CB54F}.ReleaseMono|Any CPU.ActiveCfg = Debug|Any CPU
		{F782BC86-9CE6-4F69-8F77-710A399CB54F}.ReleaseMono|Any CPU.Build.0 = Debug|Any CPU
		{F782BC86-9CE6-4F69-8F77-710A399CB54F}.ReleaseMono|x64.ActiveCfg = Debug|Any CPU
		{F782BC86-9CE6-4F69-8F77-710A399CB54F}.ReleaseMono|x64.Build.0 = Debug|Any CPU
		{F782BC86-9CE6-4F69-8F77-710A399CB54F}.ReleaseMono|x86.ActiveCfg = Debug|Any CPU
		{F782BC86-9CE6-4F69-8F77-710A399CB54F}.ReleaseMono|x86.Build.0 = Debug|Any CPU
		{F782BC86-9CE6-4F69-8F77-710A399CB54F}.Release|Any CPU.ActiveCfg = Release|Any CPU
		{F782BC86-9CE6-4F69-8F77-710A399CB54F}.Release|Any CPU.Build.0 = Release|Any CPU
		{F782BC86-9CE6-4F69-8F77-710A399CB54F}.Release|x64.ActiveCfg = Release|Any CPU
		{F782BC86-9CE6-4F69-8F77-710A399CB54F}.Release|x64.Build.0 = Release|Any CPU
		{F782BC86-9CE6-4F69-8F77-710A399CB54F}.Release|x86.ActiveCfg = Release|Any CPU
		{F782BC86-9CE6-4F69-8F77-710A399CB54F}.Release|x86.Build.0 = Release|Any CPU
		{763BAD3E-3244-4E8F-8182-2BF35774262A}.Debug|Any CPU.ActiveCfg = Debug|Any CPU
		{763BAD3E-3244-4E8F-8182-2BF35774262A}.Debug|Any CPU.Build.0 = Debug|Any CPU
		{763BAD3E-3244-4E8F-8182-2BF35774262A}.Debug|x64.ActiveCfg = Debug|Any CPU
		{763BAD3E-3244-4E8F-8182-2BF35774262A}.Debug|x64.Build.0 = Debug|Any CPU
		{763BAD3E-3244-4E8F-8182-2BF35774262A}.Debug|x86.ActiveCfg = Debug|Any CPU
		{763BAD3E-3244-4E8F-8182-2BF35774262A}.Debug|x86.Build.0 = Debug|Any CPU
		{763BAD3E-3244-4E8F-8182-2BF35774262A}.ReleaseMono|Any CPU.ActiveCfg = Debug|Any CPU
		{763BAD3E-3244-4E8F-8182-2BF35774262A}.ReleaseMono|Any CPU.Build.0 = Debug|Any CPU
		{763BAD3E-3244-4E8F-8182-2BF35774262A}.ReleaseMono|x64.ActiveCfg = Debug|Any CPU
		{763BAD3E-3244-4E8F-8182-2BF35774262A}.ReleaseMono|x64.Build.0 = Debug|Any CPU
		{763BAD3E-3244-4E8F-8182-2BF35774262A}.ReleaseMono|x86.ActiveCfg = Debug|Any CPU
		{763BAD3E-3244-4E8F-8182-2BF35774262A}.ReleaseMono|x86.Build.0 = Debug|Any CPU
		{763BAD3E-3244-4E8F-8182-2BF35774262A}.Release|Any CPU.ActiveCfg = Release|Any CPU
		{763BAD3E-3244-4E8F-8182-2BF35774262A}.Release|Any CPU.Build.0 = Release|Any CPU
		{763BAD3E-3244-4E8F-8182-2BF35774262A}.Release|x64.ActiveCfg = Release|Any CPU
		{763BAD3E-3244-4E8F-8182-2BF35774262A}.Release|x64.Build.0 = Release|Any CPU
		{763BAD3E-3244-4E8F-8182-2BF35774262A}.Release|x86.ActiveCfg = Release|Any CPU
		{763BAD3E-3244-4E8F-8182-2BF35774262A}.Release|x86.Build.0 = Release|Any CPU
		{2BC01C4C-288B-4768-BAD0-9BC441D82505}.Debug|Any CPU.ActiveCfg = Debug|Any CPU
		{2BC01C4C-288B-4768-BAD0-9BC441D82505}.Debug|Any CPU.Build.0 = Debug|Any CPU
		{2BC01C4C-288B-4768-BAD0-9BC441D82505}.Debug|x64.ActiveCfg = Debug|Any CPU
		{2BC01C4C-288B-4768-BAD0-9BC441D82505}.Debug|x64.Build.0 = Debug|Any CPU
		{2BC01C4C-288B-4768-BAD0-9BC441D82505}.Debug|x86.ActiveCfg = Debug|Any CPU
		{2BC01C4C-288B-4768-BAD0-9BC441D82505}.Debug|x86.Build.0 = Debug|Any CPU
		{2BC01C4C-288B-4768-BAD0-9BC441D82505}.ReleaseMono|Any CPU.ActiveCfg = Release|Any CPU
		{2BC01C4C-288B-4768-BAD0-9BC441D82505}.ReleaseMono|Any CPU.Build.0 = Release|Any CPU
		{2BC01C4C-288B-4768-BAD0-9BC441D82505}.ReleaseMono|x64.ActiveCfg = Release|Any CPU
		{2BC01C4C-288B-4768-BAD0-9BC441D82505}.ReleaseMono|x64.Build.0 = Release|Any CPU
		{2BC01C4C-288B-4768-BAD0-9BC441D82505}.ReleaseMono|x86.ActiveCfg = Release|Any CPU
		{2BC01C4C-288B-4768-BAD0-9BC441D82505}.ReleaseMono|x86.Build.0 = Release|Any CPU
		{2BC01C4C-288B-4768-BAD0-9BC441D82505}.Release|Any CPU.ActiveCfg = Release|Any CPU
		{2BC01C4C-288B-4768-BAD0-9BC441D82505}.Release|Any CPU.Build.0 = Release|Any CPU
		{2BC01C4C-288B-4768-BAD0-9BC441D82505}.Release|x64.ActiveCfg = Release|Any CPU
		{2BC01C4C-288B-4768-BAD0-9BC441D82505}.Release|x64.Build.0 = Release|Any CPU
		{2BC01C4C-288B-4768-BAD0-9BC441D82505}.Release|x86.ActiveCfg = Release|Any CPU
		{2BC01C4C-288B-4768-BAD0-9BC441D82505}.Release|x86.Build.0 = Release|Any CPU
		{DDD598B2-005F-4CB2-B26B-A40CC0F9DE8E}.Debug|Any CPU.ActiveCfg = Debug|Any CPU
		{DDD598B2-005F-4CB2-B26B-A40CC0F9DE8E}.Debug|Any CPU.Build.0 = Debug|Any CPU
		{DDD598B2-005F-4CB2-B26B-A40CC0F9DE8E}.Debug|x64.ActiveCfg = Debug|Any CPU
		{DDD598B2-005F-4CB2-B26B-A40CC0F9DE8E}.Debug|x64.Build.0 = Debug|Any CPU
		{DDD598B2-005F-4CB2-B26B-A40CC0F9DE8E}.Debug|x86.ActiveCfg = Debug|Any CPU
		{DDD598B2-005F-4CB2-B26B-A40CC0F9DE8E}.Debug|x86.Build.0 = Debug|Any CPU
		{DDD598B2-005F-4CB2-B26B-A40CC0F9DE8E}.ReleaseMono|Any CPU.ActiveCfg = Debug|Any CPU
		{DDD598B2-005F-4CB2-B26B-A40CC0F9DE8E}.ReleaseMono|Any CPU.Build.0 = Debug|Any CPU
		{DDD598B2-005F-4CB2-B26B-A40CC0F9DE8E}.ReleaseMono|x64.ActiveCfg = Debug|Any CPU
		{DDD598B2-005F-4CB2-B26B-A40CC0F9DE8E}.ReleaseMono|x64.Build.0 = Debug|Any CPU
		{DDD598B2-005F-4CB2-B26B-A40CC0F9DE8E}.ReleaseMono|x86.ActiveCfg = Debug|Any CPU
		{DDD598B2-005F-4CB2-B26B-A40CC0F9DE8E}.ReleaseMono|x86.Build.0 = Debug|Any CPU
		{DDD598B2-005F-4CB2-B26B-A40CC0F9DE8E}.Release|Any CPU.ActiveCfg = Release|Any CPU
		{DDD598B2-005F-4CB2-B26B-A40CC0F9DE8E}.Release|Any CPU.Build.0 = Release|Any CPU
		{DDD598B2-005F-4CB2-B26B-A40CC0F9DE8E}.Release|x64.ActiveCfg = Release|Any CPU
		{DDD598B2-005F-4CB2-B26B-A40CC0F9DE8E}.Release|x64.Build.0 = Release|Any CPU
		{DDD598B2-005F-4CB2-B26B-A40CC0F9DE8E}.Release|x86.ActiveCfg = Release|Any CPU
		{DDD598B2-005F-4CB2-B26B-A40CC0F9DE8E}.Release|x86.Build.0 = Release|Any CPU
		{5B2BF317-7315-431F-A854-488CD541F42E}.Debug|Any CPU.ActiveCfg = Debug|Any CPU
		{5B2BF317-7315-431F-A854-488CD541F42E}.Debug|Any CPU.Build.0 = Debug|Any CPU
		{5B2BF317-7315-431F-A854-488CD541F42E}.Debug|x64.ActiveCfg = Debug|Any CPU
		{5B2BF317-7315-431F-A854-488CD541F42E}.Debug|x64.Build.0 = Debug|Any CPU
		{5B2BF317-7315-431F-A854-488CD541F42E}.Debug|x86.ActiveCfg = Debug|Any CPU
		{5B2BF317-7315-431F-A854-488CD541F42E}.Debug|x86.Build.0 = Debug|Any CPU
		{5B2BF317-7315-431F-A854-488CD541F42E}.ReleaseMono|Any CPU.ActiveCfg = Debug|Any CPU
		{5B2BF317-7315-431F-A854-488CD541F42E}.ReleaseMono|Any CPU.Build.0 = Debug|Any CPU
		{5B2BF317-7315-431F-A854-488CD541F42E}.ReleaseMono|x64.ActiveCfg = Debug|Any CPU
		{5B2BF317-7315-431F-A854-488CD541F42E}.ReleaseMono|x64.Build.0 = Debug|Any CPU
		{5B2BF317-7315-431F-A854-488CD541F42E}.ReleaseMono|x86.ActiveCfg = Debug|Any CPU
		{5B2BF317-7315-431F-A854-488CD541F42E}.ReleaseMono|x86.Build.0 = Debug|Any CPU
		{5B2BF317-7315-431F-A854-488CD541F42E}.Release|Any CPU.ActiveCfg = Release|Any CPU
		{5B2BF317-7315-431F-A854-488CD541F42E}.Release|Any CPU.Build.0 = Release|Any CPU
		{5B2BF317-7315-431F-A854-488CD541F42E}.Release|x64.ActiveCfg = Release|Any CPU
		{5B2BF317-7315-431F-A854-488CD541F42E}.Release|x64.Build.0 = Release|Any CPU
		{5B2BF317-7315-431F-A854-488CD541F42E}.Release|x86.ActiveCfg = Release|Any CPU
		{5B2BF317-7315-431F-A854-488CD541F42E}.Release|x86.Build.0 = Release|Any CPU
		{896946A7-35AB-40D0-972C-CED7A448B97A}.Debug|Any CPU.ActiveCfg = Debug|Any CPU
		{896946A7-35AB-40D0-972C-CED7A448B97A}.Debug|Any CPU.Build.0 = Debug|Any CPU
		{896946A7-35AB-40D0-972C-CED7A448B97A}.Debug|x64.ActiveCfg = Debug|Any CPU
		{896946A7-35AB-40D0-972C-CED7A448B97A}.Debug|x64.Build.0 = Debug|Any CPU
		{896946A7-35AB-40D0-972C-CED7A448B97A}.Debug|x86.ActiveCfg = Debug|Any CPU
		{896946A7-35AB-40D0-972C-CED7A448B97A}.Debug|x86.Build.0 = Debug|Any CPU
		{896946A7-35AB-40D0-972C-CED7A448B97A}.ReleaseMono|Any CPU.ActiveCfg = Release|Any CPU
		{896946A7-35AB-40D0-972C-CED7A448B97A}.ReleaseMono|Any CPU.Build.0 = Release|Any CPU
		{896946A7-35AB-40D0-972C-CED7A448B97A}.ReleaseMono|x64.ActiveCfg = Release|Any CPU
		{896946A7-35AB-40D0-972C-CED7A448B97A}.ReleaseMono|x64.Build.0 = Release|Any CPU
		{896946A7-35AB-40D0-972C-CED7A448B97A}.ReleaseMono|x86.ActiveCfg = Release|Any CPU
		{896946A7-35AB-40D0-972C-CED7A448B97A}.ReleaseMono|x86.Build.0 = Release|Any CPU
		{896946A7-35AB-40D0-972C-CED7A448B97A}.Release|Any CPU.ActiveCfg = Release|Any CPU
		{896946A7-35AB-40D0-972C-CED7A448B97A}.Release|Any CPU.Build.0 = Release|Any CPU
		{896946A7-35AB-40D0-972C-CED7A448B97A}.Release|x64.ActiveCfg = Release|Any CPU
		{896946A7-35AB-40D0-972C-CED7A448B97A}.Release|x64.Build.0 = Release|Any CPU
		{896946A7-35AB-40D0-972C-CED7A448B97A}.Release|x86.ActiveCfg = Release|Any CPU
		{896946A7-35AB-40D0-972C-CED7A448B97A}.Release|x86.Build.0 = Release|Any CPU
		{C7EFF544-391C-488F-A747-2663AFEED250}.Debug|Any CPU.ActiveCfg = Debug|Any CPU
		{C7EFF544-391C-488F-A747-2663AFEED250}.Debug|Any CPU.Build.0 = Debug|Any CPU
		{C7EFF544-391C-488F-A747-2663AFEED250}.Debug|x64.ActiveCfg = Debug|Any CPU
		{C7EFF544-391C-488F-A747-2663AFEED250}.Debug|x64.Build.0 = Debug|Any CPU
		{C7EFF544-391C-488F-A747-2663AFEED250}.Debug|x86.ActiveCfg = Debug|Any CPU
		{C7EFF544-391C-488F-A747-2663AFEED250}.Debug|x86.Build.0 = Debug|Any CPU
		{C7EFF544-391C-488F-A747-2663AFEED250}.ReleaseMono|Any CPU.ActiveCfg = Release|Any CPU
		{C7EFF544-391C-488F-A747-2663AFEED250}.ReleaseMono|Any CPU.Build.0 = Release|Any CPU
		{C7EFF544-391C-488F-A747-2663AFEED250}.ReleaseMono|x64.ActiveCfg = Release|Any CPU
		{C7EFF544-391C-488F-A747-2663AFEED250}.ReleaseMono|x64.Build.0 = Release|Any CPU
		{C7EFF544-391C-488F-A747-2663AFEED250}.ReleaseMono|x86.ActiveCfg = Release|Any CPU
		{C7EFF544-391C-488F-A747-2663AFEED250}.ReleaseMono|x86.Build.0 = Release|Any CPU
		{C7EFF544-391C-488F-A747-2663AFEED250}.Release|Any CPU.ActiveCfg = Release|Any CPU
		{C7EFF544-391C-488F-A747-2663AFEED250}.Release|Any CPU.Build.0 = Release|Any CPU
		{C7EFF544-391C-488F-A747-2663AFEED250}.Release|x64.ActiveCfg = Release|Any CPU
		{C7EFF544-391C-488F-A747-2663AFEED250}.Release|x64.Build.0 = Release|Any CPU
		{C7EFF544-391C-488F-A747-2663AFEED250}.Release|x86.ActiveCfg = Release|Any CPU
		{C7EFF544-391C-488F-A747-2663AFEED250}.Release|x86.Build.0 = Release|Any CPU
		{CF31204A-12CF-43C0-9054-B9AF98EC83BD}.Debug|Any CPU.ActiveCfg = Debug|Any CPU
		{CF31204A-12CF-43C0-9054-B9AF98EC83BD}.Debug|Any CPU.Build.0 = Debug|Any CPU
		{CF31204A-12CF-43C0-9054-B9AF98EC83BD}.Debug|x64.ActiveCfg = Debug|Any CPU
		{CF31204A-12CF-43C0-9054-B9AF98EC83BD}.Debug|x64.Build.0 = Debug|Any CPU
		{CF31204A-12CF-43C0-9054-B9AF98EC83BD}.Debug|x86.ActiveCfg = Debug|Any CPU
		{CF31204A-12CF-43C0-9054-B9AF98EC83BD}.Debug|x86.Build.0 = Debug|Any CPU
		{CF31204A-12CF-43C0-9054-B9AF98EC83BD}.ReleaseMono|Any CPU.ActiveCfg = Debug|Any CPU
		{CF31204A-12CF-43C0-9054-B9AF98EC83BD}.ReleaseMono|Any CPU.Build.0 = Debug|Any CPU
		{CF31204A-12CF-43C0-9054-B9AF98EC83BD}.ReleaseMono|x64.ActiveCfg = Debug|Any CPU
		{CF31204A-12CF-43C0-9054-B9AF98EC83BD}.ReleaseMono|x64.Build.0 = Debug|Any CPU
		{CF31204A-12CF-43C0-9054-B9AF98EC83BD}.ReleaseMono|x86.ActiveCfg = Debug|Any CPU
		{CF31204A-12CF-43C0-9054-B9AF98EC83BD}.ReleaseMono|x86.Build.0 = Debug|Any CPU
		{CF31204A-12CF-43C0-9054-B9AF98EC83BD}.Release|Any CPU.ActiveCfg = Release|Any CPU
		{CF31204A-12CF-43C0-9054-B9AF98EC83BD}.Release|Any CPU.Build.0 = Release|Any CPU
		{CF31204A-12CF-43C0-9054-B9AF98EC83BD}.Release|x64.ActiveCfg = Release|Any CPU
		{CF31204A-12CF-43C0-9054-B9AF98EC83BD}.Release|x64.Build.0 = Release|Any CPU
		{CF31204A-12CF-43C0-9054-B9AF98EC83BD}.Release|x86.ActiveCfg = Release|Any CPU
		{CF31204A-12CF-43C0-9054-B9AF98EC83BD}.Release|x86.Build.0 = Release|Any CPU
		{97F29346-636E-4BCA-B33D-6D0DB26A5AA6}.Debug|Any CPU.ActiveCfg = Debug|Any CPU
		{97F29346-636E-4BCA-B33D-6D0DB26A5AA6}.Debug|Any CPU.Build.0 = Debug|Any CPU
		{97F29346-636E-4BCA-B33D-6D0DB26A5AA6}.Debug|x64.ActiveCfg = Debug|Any CPU
		{97F29346-636E-4BCA-B33D-6D0DB26A5AA6}.Debug|x64.Build.0 = Debug|Any CPU
		{97F29346-636E-4BCA-B33D-6D0DB26A5AA6}.Debug|x86.ActiveCfg = Debug|Any CPU
		{97F29346-636E-4BCA-B33D-6D0DB26A5AA6}.Debug|x86.Build.0 = Debug|Any CPU
		{97F29346-636E-4BCA-B33D-6D0DB26A5AA6}.ReleaseMono|Any CPU.ActiveCfg = Debug|Any CPU
		{97F29346-636E-4BCA-B33D-6D0DB26A5AA6}.ReleaseMono|Any CPU.Build.0 = Debug|Any CPU
		{97F29346-636E-4BCA-B33D-6D0DB26A5AA6}.ReleaseMono|x64.ActiveCfg = Debug|Any CPU
		{97F29346-636E-4BCA-B33D-6D0DB26A5AA6}.ReleaseMono|x64.Build.0 = Debug|Any CPU
		{97F29346-636E-4BCA-B33D-6D0DB26A5AA6}.ReleaseMono|x86.ActiveCfg = Debug|Any CPU
		{97F29346-636E-4BCA-B33D-6D0DB26A5AA6}.ReleaseMono|x86.Build.0 = Debug|Any CPU
		{97F29346-636E-4BCA-B33D-6D0DB26A5AA6}.Release|Any CPU.ActiveCfg = Release|Any CPU
		{97F29346-636E-4BCA-B33D-6D0DB26A5AA6}.Release|Any CPU.Build.0 = Release|Any CPU
		{97F29346-636E-4BCA-B33D-6D0DB26A5AA6}.Release|x64.ActiveCfg = Release|Any CPU
		{97F29346-636E-4BCA-B33D-6D0DB26A5AA6}.Release|x64.Build.0 = Release|Any CPU
		{97F29346-636E-4BCA-B33D-6D0DB26A5AA6}.Release|x86.ActiveCfg = Release|Any CPU
		{97F29346-636E-4BCA-B33D-6D0DB26A5AA6}.Release|x86.Build.0 = Release|Any CPU
		{46C1A70D-D1DE-4173-A8C0-00F680F026E3}.Debug|Any CPU.ActiveCfg = Debug|Any CPU
		{46C1A70D-D1DE-4173-A8C0-00F680F026E3}.Debug|Any CPU.Build.0 = Debug|Any CPU
		{46C1A70D-D1DE-4173-A8C0-00F680F026E3}.Debug|x64.ActiveCfg = Debug|Any CPU
		{46C1A70D-D1DE-4173-A8C0-00F680F026E3}.Debug|x64.Build.0 = Debug|Any CPU
		{46C1A70D-D1DE-4173-A8C0-00F680F026E3}.Debug|x86.ActiveCfg = Debug|Any CPU
		{46C1A70D-D1DE-4173-A8C0-00F680F026E3}.Debug|x86.Build.0 = Debug|Any CPU
		{46C1A70D-D1DE-4173-A8C0-00F680F026E3}.ReleaseMono|Any CPU.ActiveCfg = Debug|Any CPU
		{46C1A70D-D1DE-4173-A8C0-00F680F026E3}.ReleaseMono|Any CPU.Build.0 = Debug|Any CPU
		{46C1A70D-D1DE-4173-A8C0-00F680F026E3}.ReleaseMono|x64.ActiveCfg = Debug|Any CPU
		{46C1A70D-D1DE-4173-A8C0-00F680F026E3}.ReleaseMono|x64.Build.0 = Debug|Any CPU
		{46C1A70D-D1DE-4173-A8C0-00F680F026E3}.ReleaseMono|x86.ActiveCfg = Debug|Any CPU
		{46C1A70D-D1DE-4173-A8C0-00F680F026E3}.ReleaseMono|x86.Build.0 = Debug|Any CPU
		{46C1A70D-D1DE-4173-A8C0-00F680F026E3}.Release|Any CPU.ActiveCfg = Release|Any CPU
		{46C1A70D-D1DE-4173-A8C0-00F680F026E3}.Release|Any CPU.Build.0 = Release|Any CPU
		{46C1A70D-D1DE-4173-A8C0-00F680F026E3}.Release|x64.ActiveCfg = Release|Any CPU
		{46C1A70D-D1DE-4173-A8C0-00F680F026E3}.Release|x64.Build.0 = Release|Any CPU
		{46C1A70D-D1DE-4173-A8C0-00F680F026E3}.Release|x86.ActiveCfg = Release|Any CPU
		{46C1A70D-D1DE-4173-A8C0-00F680F026E3}.Release|x86.Build.0 = Release|Any CPU
		{2CBD3BE8-9DBF-483D-8E38-88E9DBC86D91}.Debug|Any CPU.ActiveCfg = Debug|Any CPU
		{2CBD3BE8-9DBF-483D-8E38-88E9DBC86D91}.Debug|Any CPU.Build.0 = Debug|Any CPU
		{2CBD3BE8-9DBF-483D-8E38-88E9DBC86D91}.Debug|x64.ActiveCfg = Debug|Any CPU
		{2CBD3BE8-9DBF-483D-8E38-88E9DBC86D91}.Debug|x64.Build.0 = Debug|Any CPU
		{2CBD3BE8-9DBF-483D-8E38-88E9DBC86D91}.Debug|x86.ActiveCfg = Debug|Any CPU
		{2CBD3BE8-9DBF-483D-8E38-88E9DBC86D91}.Debug|x86.Build.0 = Debug|Any CPU
		{2CBD3BE8-9DBF-483D-8E38-88E9DBC86D91}.ReleaseMono|Any CPU.ActiveCfg = Debug|Any CPU
		{2CBD3BE8-9DBF-483D-8E38-88E9DBC86D91}.ReleaseMono|Any CPU.Build.0 = Debug|Any CPU
		{2CBD3BE8-9DBF-483D-8E38-88E9DBC86D91}.ReleaseMono|x64.ActiveCfg = Debug|Any CPU
		{2CBD3BE8-9DBF-483D-8E38-88E9DBC86D91}.ReleaseMono|x64.Build.0 = Debug|Any CPU
		{2CBD3BE8-9DBF-483D-8E38-88E9DBC86D91}.ReleaseMono|x86.ActiveCfg = Debug|Any CPU
		{2CBD3BE8-9DBF-483D-8E38-88E9DBC86D91}.ReleaseMono|x86.Build.0 = Debug|Any CPU
		{2CBD3BE8-9DBF-483D-8E38-88E9DBC86D91}.Release|Any CPU.ActiveCfg = Release|Any CPU
		{2CBD3BE8-9DBF-483D-8E38-88E9DBC86D91}.Release|Any CPU.Build.0 = Release|Any CPU
		{2CBD3BE8-9DBF-483D-8E38-88E9DBC86D91}.Release|x64.ActiveCfg = Release|Any CPU
		{2CBD3BE8-9DBF-483D-8E38-88E9DBC86D91}.Release|x64.Build.0 = Release|Any CPU
		{2CBD3BE8-9DBF-483D-8E38-88E9DBC86D91}.Release|x86.ActiveCfg = Release|Any CPU
		{2CBD3BE8-9DBF-483D-8E38-88E9DBC86D91}.Release|x86.Build.0 = Release|Any CPU
		{704BA731-9C70-4CBE-A607-1A2E1FB73753}.Debug|Any CPU.ActiveCfg = Debug|Any CPU
		{704BA731-9C70-4CBE-A607-1A2E1FB73753}.Debug|Any CPU.Build.0 = Debug|Any CPU
		{704BA731-9C70-4CBE-A607-1A2E1FB73753}.Debug|x64.ActiveCfg = Debug|Any CPU
		{704BA731-9C70-4CBE-A607-1A2E1FB73753}.Debug|x64.Build.0 = Debug|Any CPU
		{704BA731-9C70-4CBE-A607-1A2E1FB73753}.Debug|x86.ActiveCfg = Debug|Any CPU
		{704BA731-9C70-4CBE-A607-1A2E1FB73753}.Debug|x86.Build.0 = Debug|Any CPU
		{704BA731-9C70-4CBE-A607-1A2E1FB73753}.ReleaseMono|Any CPU.ActiveCfg = Debug|Any CPU
		{704BA731-9C70-4CBE-A607-1A2E1FB73753}.ReleaseMono|Any CPU.Build.0 = Debug|Any CPU
		{704BA731-9C70-4CBE-A607-1A2E1FB73753}.ReleaseMono|x64.ActiveCfg = Debug|Any CPU
		{704BA731-9C70-4CBE-A607-1A2E1FB73753}.ReleaseMono|x64.Build.0 = Debug|Any CPU
		{704BA731-9C70-4CBE-A607-1A2E1FB73753}.ReleaseMono|x86.ActiveCfg = Debug|Any CPU
		{704BA731-9C70-4CBE-A607-1A2E1FB73753}.ReleaseMono|x86.Build.0 = Debug|Any CPU
		{704BA731-9C70-4CBE-A607-1A2E1FB73753}.Release|Any CPU.ActiveCfg = Release|Any CPU
		{704BA731-9C70-4CBE-A607-1A2E1FB73753}.Release|Any CPU.Build.0 = Release|Any CPU
		{704BA731-9C70-4CBE-A607-1A2E1FB73753}.Release|x64.ActiveCfg = Release|Any CPU
		{704BA731-9C70-4CBE-A607-1A2E1FB73753}.Release|x64.Build.0 = Release|Any CPU
		{704BA731-9C70-4CBE-A607-1A2E1FB73753}.Release|x86.ActiveCfg = Release|Any CPU
		{704BA731-9C70-4CBE-A607-1A2E1FB73753}.Release|x86.Build.0 = Release|Any CPU
		{A0EAD8F0-B7A3-4112-9F3F-2D9922A500BA}.Debug|Any CPU.ActiveCfg = Debug|Any CPU
		{A0EAD8F0-B7A3-4112-9F3F-2D9922A500BA}.Debug|Any CPU.Build.0 = Debug|Any CPU
		{A0EAD8F0-B7A3-4112-9F3F-2D9922A500BA}.Debug|x64.ActiveCfg = Debug|Any CPU
		{A0EAD8F0-B7A3-4112-9F3F-2D9922A500BA}.Debug|x64.Build.0 = Debug|Any CPU
		{A0EAD8F0-B7A3-4112-9F3F-2D9922A500BA}.Debug|x86.ActiveCfg = Debug|Any CPU
		{A0EAD8F0-B7A3-4112-9F3F-2D9922A500BA}.Debug|x86.Build.0 = Debug|Any CPU
		{A0EAD8F0-B7A3-4112-9F3F-2D9922A500BA}.ReleaseMono|Any CPU.ActiveCfg = Debug|Any CPU
		{A0EAD8F0-B7A3-4112-9F3F-2D9922A500BA}.ReleaseMono|Any CPU.Build.0 = Debug|Any CPU
		{A0EAD8F0-B7A3-4112-9F3F-2D9922A500BA}.ReleaseMono|x64.ActiveCfg = Debug|Any CPU
		{A0EAD8F0-B7A3-4112-9F3F-2D9922A500BA}.ReleaseMono|x64.Build.0 = Debug|Any CPU
		{A0EAD8F0-B7A3-4112-9F3F-2D9922A500BA}.ReleaseMono|x86.ActiveCfg = Debug|Any CPU
		{A0EAD8F0-B7A3-4112-9F3F-2D9922A500BA}.ReleaseMono|x86.Build.0 = Debug|Any CPU
		{A0EAD8F0-B7A3-4112-9F3F-2D9922A500BA}.Release|Any CPU.ActiveCfg = Release|Any CPU
		{A0EAD8F0-B7A3-4112-9F3F-2D9922A500BA}.Release|Any CPU.Build.0 = Release|Any CPU
		{A0EAD8F0-B7A3-4112-9F3F-2D9922A500BA}.Release|x64.ActiveCfg = Release|Any CPU
		{A0EAD8F0-B7A3-4112-9F3F-2D9922A500BA}.Release|x64.Build.0 = Release|Any CPU
		{A0EAD8F0-B7A3-4112-9F3F-2D9922A500BA}.Release|x86.ActiveCfg = Release|Any CPU
		{A0EAD8F0-B7A3-4112-9F3F-2D9922A500BA}.Release|x86.Build.0 = Release|Any CPU
		{C050C5F0-8A40-4CB1-9715-A55EBF94FBF2}.Debug|Any CPU.ActiveCfg = Debug|Any CPU
		{C050C5F0-8A40-4CB1-9715-A55EBF94FBF2}.Debug|Any CPU.Build.0 = Debug|Any CPU
		{C050C5F0-8A40-4CB1-9715-A55EBF94FBF2}.Debug|x64.ActiveCfg = Debug|Any CPU
		{C050C5F0-8A40-4CB1-9715-A55EBF94FBF2}.Debug|x64.Build.0 = Debug|Any CPU
		{C050C5F0-8A40-4CB1-9715-A55EBF94FBF2}.Debug|x86.ActiveCfg = Debug|Any CPU
		{C050C5F0-8A40-4CB1-9715-A55EBF94FBF2}.Debug|x86.Build.0 = Debug|Any CPU
		{C050C5F0-8A40-4CB1-9715-A55EBF94FBF2}.ReleaseMono|Any CPU.ActiveCfg = Debug|Any CPU
		{C050C5F0-8A40-4CB1-9715-A55EBF94FBF2}.ReleaseMono|Any CPU.Build.0 = Debug|Any CPU
		{C050C5F0-8A40-4CB1-9715-A55EBF94FBF2}.ReleaseMono|x64.ActiveCfg = Debug|Any CPU
		{C050C5F0-8A40-4CB1-9715-A55EBF94FBF2}.ReleaseMono|x64.Build.0 = Debug|Any CPU
		{C050C5F0-8A40-4CB1-9715-A55EBF94FBF2}.ReleaseMono|x86.ActiveCfg = Debug|Any CPU
		{C050C5F0-8A40-4CB1-9715-A55EBF94FBF2}.ReleaseMono|x86.Build.0 = Debug|Any CPU
		{C050C5F0-8A40-4CB1-9715-A55EBF94FBF2}.Release|Any CPU.ActiveCfg = Release|Any CPU
		{C050C5F0-8A40-4CB1-9715-A55EBF94FBF2}.Release|Any CPU.Build.0 = Release|Any CPU
		{C050C5F0-8A40-4CB1-9715-A55EBF94FBF2}.Release|x64.ActiveCfg = Release|Any CPU
		{C050C5F0-8A40-4CB1-9715-A55EBF94FBF2}.Release|x64.Build.0 = Release|Any CPU
		{C050C5F0-8A40-4CB1-9715-A55EBF94FBF2}.Release|x86.ActiveCfg = Release|Any CPU
		{C050C5F0-8A40-4CB1-9715-A55EBF94FBF2}.Release|x86.Build.0 = Release|Any CPU
	EndGlobalSection
	GlobalSection(SolutionProperties) = preSolution
		HideSolutionNode = FALSE
	EndGlobalSection
	GlobalSection(NestedProjects) = preSolution
		{4F5DB8F5-D0F4-454C-95A7-87F53E5D5E36} = {AC908E33-B856-4E23-9F81-B7F7C97A07F9}
		{5C2B23E2-C286-412D-ADE1-F6796B7083DE} = {B9C00FAF-36CF-463A-83FA-43E6B974AE2E}
		{50E14C9A-3C2F-4A51-971F-6143952D0F1C} = {AC908E33-B856-4E23-9F81-B7F7C97A07F9}
		{3BA7D9BE-EBBF-432E-9880-0E2D2C17FCF8} = {B9C00FAF-36CF-463A-83FA-43E6B974AE2E}
		{E010FB5E-0D68-4AF7-B632-5DB6B902F158} = {88E7FAF4-CEEC-48B6-9114-71CFE3FC0F50}
		{A5DE942D-912D-4012-8493-1E958E5445F4} = {AC908E33-B856-4E23-9F81-B7F7C97A07F9}
		{ADCBBAC0-0A87-45B7-BD31-314F136F74D4} = {B9C00FAF-36CF-463A-83FA-43E6B974AE2E}
		{A216C2F0-A9A6-4D7F-BF65-127EB80EA6A7} = {88E7FAF4-CEEC-48B6-9114-71CFE3FC0F50}
		{5CEE1B93-3936-4E32-A414-522DCDCA26BB} = {88E7FAF4-CEEC-48B6-9114-71CFE3FC0F50}
		{B48782B9-6FA9-4D18-8564-1849FF4CF40E} = {B9C00FAF-36CF-463A-83FA-43E6B974AE2E}
		{B41C8F1C-5BD2-43B9-A3CC-FC03DFE04E23} = {88E7FAF4-CEEC-48B6-9114-71CFE3FC0F50}
		{BEDBC0F8-AD0A-44C3-9A53-C8EC4E631AF4} = {88E7FAF4-CEEC-48B6-9114-71CFE3FC0F50}
		{48A7AC8E-2CB5-403B-8A18-11F493079619} = {B9C00FAF-36CF-463A-83FA-43E6B974AE2E}
		{B3170309-55AB-462C-9100-D77107799E82} = {88E7FAF4-CEEC-48B6-9114-71CFE3FC0F50}
		{A43E44E5-F9C1-44BD-A593-419EC113117B} = {B9C00FAF-36CF-463A-83FA-43E6B974AE2E}
		{2E17A091-DC29-41FB-ABC8-767BD75FFB07} = {AC908E33-B856-4E23-9F81-B7F7C97A07F9}
		{6D7A63C9-16AB-4B7E-B9C0-0956E1E02610} = {B9C00FAF-36CF-463A-83FA-43E6B974AE2E}
		{9F88C871-CB37-4A88-BACF-540AC253C202} = {AC908E33-B856-4E23-9F81-B7F7C97A07F9}
		{B1A38DDE-5534-4625-A3F2-A585BA7A1198} = {B9C00FAF-36CF-463A-83FA-43E6B974AE2E}
		{8698E0C2-1A82-43E6-8A26-3D9A825CF574} = {88E7FAF4-CEEC-48B6-9114-71CFE3FC0F50}
		{F782BC86-9CE6-4F69-8F77-710A399CB54F} = {B9C00FAF-36CF-463A-83FA-43E6B974AE2E}
		{763BAD3E-3244-4E8F-8182-2BF35774262A} = {AC908E33-B856-4E23-9F81-B7F7C97A07F9}
		{2BC01C4C-288B-4768-BAD0-9BC441D82505} = {AC908E33-B856-4E23-9F81-B7F7C97A07F9}
		{DDD598B2-005F-4CB2-B26B-A40CC0F9DE8E} = {AC908E33-B856-4E23-9F81-B7F7C97A07F9}
		{5B2BF317-7315-431F-A854-488CD541F42E} = {B9C00FAF-36CF-463A-83FA-43E6B974AE2E}
		{896946A7-35AB-40D0-972C-CED7A448B97A} = {AC908E33-B856-4E23-9F81-B7F7C97A07F9}
		{C7EFF544-391C-488F-A747-2663AFEED250} = {AC908E33-B856-4E23-9F81-B7F7C97A07F9}
		{CF31204A-12CF-43C0-9054-B9AF98EC83BD} = {AC908E33-B856-4E23-9F81-B7F7C97A07F9}
		{97F29346-636E-4BCA-B33D-6D0DB26A5AA6} = {B9C00FAF-36CF-463A-83FA-43E6B974AE2E}
		{46C1A70D-D1DE-4173-A8C0-00F680F026E3} = {B9C00FAF-36CF-463A-83FA-43E6B974AE2E}
		{8CA69CC9-3415-4484-9342-88D495AE2FF6} = {D8186A1A-6640-4986-9E97-FABE59F6DCE0}
		{2CBD3BE8-9DBF-483D-8E38-88E9DBC86D91} = {8CA69CC9-3415-4484-9342-88D495AE2FF6}
		{704BA731-9C70-4CBE-A607-1A2E1FB73753} = {8CA69CC9-3415-4484-9342-88D495AE2FF6}
		{A0EAD8F0-B7A3-4112-9F3F-2D9922A500BA} = {8CA69CC9-3415-4484-9342-88D495AE2FF6}
		{C050C5F0-8A40-4CB1-9715-A55EBF94FBF2} = {8CA69CC9-3415-4484-9342-88D495AE2FF6}
	EndGlobalSection
	GlobalSection(ExtensibilityGlobals) = postSolution
		SolutionGuid = {DB552D2A-94E1-4A1C-9F3E-E0097C6158CD}
	EndGlobalSection
EndGlobal
