
Microsoft Visual Studio Solution File, Format Version 12.00
# Visual Studio 15
VisualStudioVersion = 15.0.26124.0
MinimumVisualStudioVersion = 15.0.26124.0
Project("{FAE04EC0-301F-11D3-BF4B-00C04F79EFBC}") = "Libplanet.Stun", "Libplanet.Stun\Libplanet.Stun.csproj", "{4F5DB8F5-D0F4-454C-95A7-87F53E5D5E36}"
EndProject
Project("{FAE04EC0-301F-11D3-BF4B-00C04F79EFBC}") = "Libplanet.Stun.Tests", "Libplanet.Stun.Tests\Libplanet.Stun.Tests.csproj", "{5C2B23E2-C286-412D-ADE1-F6796B7083DE}"
EndProject
Project("{9A19103F-16F7-4668-BE54-9A1E7A4F7556}") = "Libplanet", "Libplanet\Libplanet.csproj", "{50E14C9A-3C2F-4A51-971F-6143952D0F1C}"
EndProject
Project("{9A19103F-16F7-4668-BE54-9A1E7A4F7556}") = "Libplanet.Tests", "Libplanet.Tests\Libplanet.Tests.csproj", "{3BA7D9BE-EBBF-432E-9880-0E2D2C17FCF8}"
EndProject
Project("{9A19103F-16F7-4668-BE54-9A1E7A4F7556}") = "Libplanet.Explorer", "Libplanet.Explorer\Libplanet.Explorer.csproj", "{CC035C07-8D2B-4608-BA09-3FBB290A3EA6}"
EndProject
Global
	GlobalSection(SolutionConfigurationPlatforms) = preSolution
		Debug|Any CPU = Debug|Any CPU
		Debug|x64 = Debug|x64
		Debug|x86 = Debug|x86
		Release|Any CPU = Release|Any CPU
		Release|x64 = Release|x64
		Release|x86 = Release|x86
	EndGlobalSection
	GlobalSection(ProjectConfigurationPlatforms) = postSolution
		{50E14C9A-3C2F-4A51-971F-6143952D0F1C}.Debug|Any CPU.ActiveCfg = Debug|Any CPU
		{50E14C9A-3C2F-4A51-971F-6143952D0F1C}.Debug|Any CPU.Build.0 = Debug|Any CPU
		{50E14C9A-3C2F-4A51-971F-6143952D0F1C}.Debug|x64.ActiveCfg = Debug|Any CPU
		{50E14C9A-3C2F-4A51-971F-6143952D0F1C}.Debug|x64.Build.0 = Debug|Any CPU
		{50E14C9A-3C2F-4A51-971F-6143952D0F1C}.Debug|x86.ActiveCfg = Debug|Any CPU
		{50E14C9A-3C2F-4A51-971F-6143952D0F1C}.Debug|x86.Build.0 = Debug|Any CPU
		{50E14C9A-3C2F-4A51-971F-6143952D0F1C}.Release|Any CPU.ActiveCfg = Release|Any CPU
		{50E14C9A-3C2F-4A51-971F-6143952D0F1C}.Release|Any CPU.Build.0 = Release|Any CPU
		{50E14C9A-3C2F-4A51-971F-6143952D0F1C}.Release|x64.ActiveCfg = Release|Any CPU
		{50E14C9A-3C2F-4A51-971F-6143952D0F1C}.Release|x64.Build.0 = Release|Any CPU
		{50E14C9A-3C2F-4A51-971F-6143952D0F1C}.Release|x86.ActiveCfg = Release|Any CPU
		{50E14C9A-3C2F-4A51-971F-6143952D0F1C}.Release|x86.Build.0 = Release|Any CPU
		{3BA7D9BE-EBBF-432E-9880-0E2D2C17FCF8}.Debug|Any CPU.ActiveCfg = Debug|Any CPU
		{3BA7D9BE-EBBF-432E-9880-0E2D2C17FCF8}.Debug|Any CPU.Build.0 = Debug|Any CPU
		{3BA7D9BE-EBBF-432E-9880-0E2D2C17FCF8}.Debug|x64.ActiveCfg = Debug|Any CPU
		{3BA7D9BE-EBBF-432E-9880-0E2D2C17FCF8}.Debug|x64.Build.0 = Debug|Any CPU
		{3BA7D9BE-EBBF-432E-9880-0E2D2C17FCF8}.Debug|x86.ActiveCfg = Debug|Any CPU
		{3BA7D9BE-EBBF-432E-9880-0E2D2C17FCF8}.Debug|x86.Build.0 = Debug|Any CPU
		{3BA7D9BE-EBBF-432E-9880-0E2D2C17FCF8}.Release|Any CPU.ActiveCfg = Release|Any CPU
		{3BA7D9BE-EBBF-432E-9880-0E2D2C17FCF8}.Release|Any CPU.Build.0 = Release|Any CPU
		{3BA7D9BE-EBBF-432E-9880-0E2D2C17FCF8}.Release|x64.ActiveCfg = Release|Any CPU
		{3BA7D9BE-EBBF-432E-9880-0E2D2C17FCF8}.Release|x64.Build.0 = Release|Any CPU
		{3BA7D9BE-EBBF-432E-9880-0E2D2C17FCF8}.Release|x86.ActiveCfg = Release|Any CPU
		{3BA7D9BE-EBBF-432E-9880-0E2D2C17FCF8}.Release|x86.Build.0 = Release|Any CPU
		{CC035C07-8D2B-4608-BA09-3FBB290A3EA6}.Debug|Any CPU.ActiveCfg = Debug|Any CPU
		{CC035C07-8D2B-4608-BA09-3FBB290A3EA6}.Debug|Any CPU.Build.0 = Debug|Any CPU
		{CC035C07-8D2B-4608-BA09-3FBB290A3EA6}.Debug|x64.ActiveCfg = Debug|Any CPU
		{CC035C07-8D2B-4608-BA09-3FBB290A3EA6}.Debug|x64.Build.0 = Debug|Any CPU
		{CC035C07-8D2B-4608-BA09-3FBB290A3EA6}.Debug|x86.ActiveCfg = Debug|Any CPU
		{CC035C07-8D2B-4608-BA09-3FBB290A3EA6}.Debug|x86.Build.0 = Debug|Any CPU
		{CC035C07-8D2B-4608-BA09-3FBB290A3EA6}.Release|Any CPU.ActiveCfg = Release|Any CPU
		{CC035C07-8D2B-4608-BA09-3FBB290A3EA6}.Release|Any CPU.Build.0 = Release|Any CPU
		{CC035C07-8D2B-4608-BA09-3FBB290A3EA6}.Release|x64.ActiveCfg = Release|Any CPU
		{CC035C07-8D2B-4608-BA09-3FBB290A3EA6}.Release|x64.Build.0 = Release|Any CPU
		{CC035C07-8D2B-4608-BA09-3FBB290A3EA6}.Release|x86.ActiveCfg = Release|Any CPU
		{CC035C07-8D2B-4608-BA09-3FBB290A3EA6}.Release|x86.Build.0 = Release|Any CPU
		{4F5DB8F5-D0F4-454C-95A7-87F53E5D5E36}.Debug|Any CPU.ActiveCfg = Debug|Any CPU
		{4F5DB8F5-D0F4-454C-95A7-87F53E5D5E36}.Debug|Any CPU.Build.0 = Debug|Any CPU
		{4F5DB8F5-D0F4-454C-95A7-87F53E5D5E36}.Debug|x64.ActiveCfg = Debug|Any CPU
		{4F5DB8F5-D0F4-454C-95A7-87F53E5D5E36}.Debug|x64.Build.0 = Debug|Any CPU
		{4F5DB8F5-D0F4-454C-95A7-87F53E5D5E36}.Debug|x86.ActiveCfg = Debug|Any CPU
		{4F5DB8F5-D0F4-454C-95A7-87F53E5D5E36}.Debug|x86.Build.0 = Debug|Any CPU
		{4F5DB8F5-D0F4-454C-95A7-87F53E5D5E36}.Release|Any CPU.ActiveCfg = Release|Any CPU
		{4F5DB8F5-D0F4-454C-95A7-87F53E5D5E36}.Release|Any CPU.Build.0 = Release|Any CPU
		{4F5DB8F5-D0F4-454C-95A7-87F53E5D5E36}.Release|x64.ActiveCfg = Release|Any CPU
		{4F5DB8F5-D0F4-454C-95A7-87F53E5D5E36}.Release|x64.Build.0 = Release|Any CPU
		{4F5DB8F5-D0F4-454C-95A7-87F53E5D5E36}.Release|x86.ActiveCfg = Release|Any CPU
		{4F5DB8F5-D0F4-454C-95A7-87F53E5D5E36}.Release|x86.Build.0 = Release|Any CPU
		{5C2B23E2-C286-412D-ADE1-F6796B7083DE}.Debug|Any CPU.ActiveCfg = Debug|Any CPU
		{5C2B23E2-C286-412D-ADE1-F6796B7083DE}.Debug|Any CPU.Build.0 = Debug|Any CPU
		{5C2B23E2-C286-412D-ADE1-F6796B7083DE}.Debug|x64.ActiveCfg = Debug|Any CPU
		{5C2B23E2-C286-412D-ADE1-F6796B7083DE}.Debug|x64.Build.0 = Debug|Any CPU
		{5C2B23E2-C286-412D-ADE1-F6796B7083DE}.Debug|x86.ActiveCfg = Debug|Any CPU
		{5C2B23E2-C286-412D-ADE1-F6796B7083DE}.Debug|x86.Build.0 = Debug|Any CPU
		{5C2B23E2-C286-412D-ADE1-F6796B7083DE}.Release|Any CPU.ActiveCfg = Release|Any CPU
		{5C2B23E2-C286-412D-ADE1-F6796B7083DE}.Release|Any CPU.Build.0 = Release|Any CPU
		{5C2B23E2-C286-412D-ADE1-F6796B7083DE}.Release|x64.ActiveCfg = Release|Any CPU
		{5C2B23E2-C286-412D-ADE1-F6796B7083DE}.Release|x64.Build.0 = Release|Any CPU
		{5C2B23E2-C286-412D-ADE1-F6796B7083DE}.Release|x86.ActiveCfg = Release|Any CPU
		{5C2B23E2-C286-412D-ADE1-F6796B7083DE}.Release|x86.Build.0 = Release|Any CPU
	EndGlobalSection
	GlobalSection(SolutionProperties) = preSolution
		HideSolutionNode = FALSE
	EndGlobalSection
	GlobalSection(ExtensibilityGlobals) = postSolution
		SolutionGuid = {DB552D2A-94E1-4A1C-9F3E-E0097C6158CD}
	EndGlobalSection
EndGlobal
